{
  "lockfileVersion": 1,
  "configVersion": 0,
  "workspaces": {
    "": {
      "name": "youtube2rss",
      "dependencies": {
        "adze": "^2.3.0",
        "grammy": "^1.44.0",
        "podcast": "^2.0.1",
        "youtube-dl-exec": "^3.1.8",
      },
      "devDependencies": {
        "@libs/xml": "npm:@jsr/libs__xml@8.0.0",
        "@types/bun": "^1.3.14",
        "oxfmt": "^0.57.0",
        "oxlint": "^1.73.0",
      },
      "peerDependencies": {
        "typescript": "^5.9.3",
      },
    },
  },
  "trustedDependencies": [
    "youtube-dl-exec",
  ],
  "packages": {
    "@grammyjs/types": ["@grammyjs/types@3.28.0", "", {}, "sha512-4JvXCdxRZHCje0M4gHzLwtB4bLno3WD28xd8CNfk4POWIu73BFnSvGeW6OQ5gPem4eYTEwkD9yDaXssixl6tMQ=="],

    "@jsr/std__xml": ["@jsr/std__xml@0.1.3", "https://npm.jsr.io/~/11/@jsr/std__xml/0.1.3.tgz", {}, "sha512-fChN4j8b3gH951TytVGhR8Mm8WTS+5m+7Bk/7KL1uksAJ/sGmCxckYBg663zMYE4CZNq2WG3WCbQMp9ItNynXQ=="],

    "@kikobeats/time-span": ["@kikobeats/time-span@1.0.6", "", {}, "sha512-GZS6SI1o5NWHEOpCa4CpofOkfitR4xjRY3ZwAm85VQIXTPtYvUv9bDI9qRvlgNUX04kWhC3LxnNjM1jwD4h0aA=="],

    "@libs/xml": ["@jsr/libs__xml@8.0.0", "https://npm.jsr.io/~/11/@jsr/libs__xml/8.0.0.tgz", { "dependencies": { "@jsr/std__xml": "^0.1.3" } }, "sha512-7RXXR1D/SqYtn90zW8wE7CYdga6t7p0YkiQ80sbv7nW6vyxJmuiDbg3xfxifE/QeHGLDiQH8CmEzNFDspY9gpA=="],

    "@oxfmt/binding-android-arm-eabi": ["@oxfmt/binding-android-arm-eabi@0.57.0", "", { "os": "android", "cpu": "arm" }, "sha512-qVBsEO+KugOsCmUHcO8iqNnqc65p7PCKpCs8M66mPZ+Ri+CWbcpoQOEJBg2OTu03+0qu++NK1jj6IzvQVs0Sig=="],

    "@oxfmt/binding-android-arm64": ["@oxfmt/binding-android-arm64@0.57.0", "", { "os": "android", "cpu": "arm64" }, "sha512-mp6PibWbao3aizijcheOeHQaYEhcUAt8pwLniYbtLfHxL/psFF0BykAwCj+s3c6qIpa8yN8keZICWrqtZ70w8g=="],

    "@oxfmt/binding-darwin-arm64": ["@oxfmt/binding-darwin-arm64@0.57.0", "", { "os": "darwin", "cpu": "arm64" }, "sha512-T+0stuCBqmUVY+aMIvrgXhzGhHO3sD5tNiiEcYqgSdPsnukskQqn2u5qOVD0sv1l7RLdFS5Z/f5Wi9Ktyjr3Eg=="],

    "@oxfmt/binding-darwin-x64": ["@oxfmt/binding-darwin-x64@0.57.0", "", { "os": "darwin", "cpu": "x64" }, "sha512-O+3JbqWs/mCI2oi4xfhRO2IVPFJNDDEBV8Odo+ZpmsUOeKJfjXoNH7nDmBEQcDgK7NfjDIyE7kRgYSZcTLDO0A=="],

    "@oxfmt/binding-freebsd-x64": ["@oxfmt/binding-freebsd-x64@0.57.0", "", { "os": "freebsd", "cpu": "x64" }, "sha512-pxwhxVC+JkLX9twOQ/8C/vbuOQcMZyKIDmiRDZfO7yITuVcIdZCiLRqqf4QOxb2+8FWrRXzQpm+1DBKcMpHSSQ=="],

    "@oxfmt/binding-linux-arm-gnueabihf": ["@oxfmt/binding-linux-arm-gnueabihf@0.57.0", "", { "os": "linux", "cpu": "arm" }, "sha512-pxBU4zH2imB/MDBfth2rOMeVxXUMjRQLCazagwLARIFH3hVlxZJBlM4nSnHXaIHJK4/qezoFCIORN6AY8Mra4A=="],

    "@oxfmt/binding-linux-arm-musleabihf": ["@oxfmt/binding-linux-arm-musleabihf@0.57.0", "", { "os": "linux", "cpu": "arm" }, "sha512-JAprOzt8tycYou36ZgEw14DlRHTiN8qdtKANdV3VZIRIvTI/lh/cX13c9pJ/EnDk2GT3FASH7KvCgQ2AufAifQ=="],

    "@oxfmt/binding-linux-arm64-gnu": ["@oxfmt/binding-linux-arm64-gnu@0.57.0", "", { "os": "linux", "cpu": "arm64" }, "sha512-ajtjaxSaj9xl4BW7REt+Cef/ttzbAq00Bq4z7JUDZEfgFXdwSjH8K9bF+IcIJzZB9lKqMfQ4eHuSFOvvlvtqOg=="],

    "@oxfmt/binding-linux-arm64-musl": ["@oxfmt/binding-linux-arm64-musl@0.57.0", "", { "os": "linux", "cpu": "arm64" }, "sha512-p4Y/+RYk9Bk5WO+zHSUXAClRmZ2fbJCejMuCAsU2HhyME4jqf6Ftt/mJYEwIah1wGCBDYOB7wEGV1x5bCEZ6hA=="],

    "@oxfmt/binding-linux-ppc64-gnu": ["@oxfmt/binding-linux-ppc64-gnu@0.57.0", "", { "os": "linux", "cpu": "ppc64" }, "sha512-By6tRALAZsno0F4zedmtG+wdMvJiJmJoXM4d3+A9zHE4HRXLqXITwRH8mgrlcXc5yJM2g2W3riRPwTYdgemZLQ=="],

    "@oxfmt/binding-linux-riscv64-gnu": ["@oxfmt/binding-linux-riscv64-gnu@0.57.0", "", { "os": "linux", "cpu": "none" }, "sha512-skYeG+RgvyzspqVEBsEprL90OYYZfoVNqB3HcCNR6QDJyXKOzfDRT3zncnHmUaFluIlBHuY23mU1b5WGgR98hA=="],

    "@oxfmt/binding-linux-riscv64-musl": ["@oxfmt/binding-linux-riscv64-musl@0.57.0", "", { "os": "linux", "cpu": "none" }, "sha512-FFgACrZOXAXUh5KQh2mt1CDOVOZmn+QzHP71wM9QobNwyQvoFfyAeefVUltW83g3sm7LTiH3yfFqLLVUpA5ZFQ=="],

    "@oxfmt/binding-linux-s390x-gnu": ["@oxfmt/binding-linux-s390x-gnu@0.57.0", "", { "os": "linux", "cpu": "s390x" }, "sha512-Nm/BAOfQeFiiKd502mZn/GAVKJwtd0RdCg17G3Wz/WSOIQmDi3+7/SZH4BHn1Ye5KvTVH3ua8WvfwLLycNIuvA=="],

    "@oxfmt/binding-linux-x64-gnu": ["@oxfmt/binding-linux-x64-gnu@0.57.0", "", { "os": "linux", "cpu": "x64" }, "sha512-BiSy5Ku3mQqyxS6YIqAJgd403wEUWvI7kerfzPxc2l/txZVmZM0pSj7oDM+4bGBExowxOi7o73jEam1W0EDTZg=="],

    "@oxfmt/binding-linux-x64-musl": ["@oxfmt/binding-linux-x64-musl@0.57.0", "", { "os": "linux", "cpu": "x64" }, "sha512-BCRkJiotz5s9afLYD2LuMvzAoDYx9H17E/YbDyu4xK7l4zHDPeny9ErSXL//i/nJyaOwRk08x4b8cgJC00+JDg=="],

    "@oxfmt/binding-openharmony-arm64": ["@oxfmt/binding-openharmony-arm64@0.57.0", "", { "os": "none", "cpu": "arm64" }, "sha512-4Oaxe1qrGgXfpCJ1C/ERJ2iCtV2rN1R79ga9fsfyVHfSQRu/hVW780u2KDqZWFZ/iGTHODJji0JemxqFZ63eIQ=="],

    "@oxfmt/binding-win32-arm64-msvc": ["@oxfmt/binding-win32-arm64-msvc@0.57.0", "", { "os": "win32", "cpu": "arm64" }, "sha512-MYLAsDnhdNsSGheLYhWgbk0vfIrlS84iQYun/y21fX6u0jj8iBtYtbpZMdiqYeuf8U12eVPUjVY2xE2NrCfJ0g=="],

    "@oxfmt/binding-win32-ia32-msvc": ["@oxfmt/binding-win32-ia32-msvc@0.57.0", "", { "os": "win32", "cpu": "ia32" }, "sha512-PBwdzZALJY/jcCx2E6is0yu+cuVXeySTDmwuseD+9j0mHqlRNxwlKgsyRTBed/woPeqfVfuXfWjoq4Cx2Zt3Eg=="],

    "@oxfmt/binding-win32-x64-msvc": ["@oxfmt/binding-win32-x64-msvc@0.57.0", "", { "os": "win32", "cpu": "x64" }, "sha512-bQJdH9i4RRfw55jm7+8/xS7GzHLLTbHx4huhrrDxQJaJtbSDbsyOnODvP1ftT7EG0KFKAYO2S+q6AcioXODx8w=="],

    "@oxlint/binding-android-arm-eabi": ["@oxlint/binding-android-arm-eabi@1.73.0", "", { "os": "android", "cpu": "arm" }, "sha512-HZQRN/UMBu+Ut+/9MiAChkbP4qZqrNOWBcNI45vOT40GVhbGR0JgHB87L48D4iAqFQIdVmeQYtV9RF89AjTKkg=="],

    "@oxlint/binding-android-arm64": ["@oxlint/binding-android-arm64@1.73.0", "", { "os": "android", "cpu": "arm64" }, "sha512-Gp+KJRylv2aW7thRpG5p1KTxZq4ZJFbWowrKzufNq9d3ssl3r3JviYV45/+p+7CN1Nv0zDd1e8Ex0b/HUDq4TQ=="],

    "@oxlint/binding-darwin-arm64": ["@oxlint/binding-darwin-arm64@1.73.0", "", { "os": "darwin", "cpu": "arm64" }, "sha512-3de96NdtXhxERMjIz7wsp2HYMY6pMQycGxFWac2mFecAx6VeARF/IqFb1QIaqiCRIdfzBwzTed+pCTCoiS+CYA=="],

    "@oxlint/binding-darwin-x64": ["@oxlint/binding-darwin-x64@1.73.0", "", { "os": "darwin", "cpu": "x64" }, "sha512-5zx/uPW32TiaOeVY1dQ/H5iOf0K1HOdFKOJhLqGl4o63+i1fpzoqqu/mKtd7OFgFjNCdhlyTGgjVkQTZm1ELcg=="],

    "@oxlint/binding-freebsd-x64": ["@oxlint/binding-freebsd-x64@1.73.0", "", { "os": "freebsd", "cpu": "x64" }, "sha512-qNe4gKHaGnLuZJ8toUg90JAa0S2vTVvDw+0bRi3q1avXZXDT4u5mMeECf3nD4HYrbdn1O7dXqWut4onY/yx/Xg=="],

    "@oxlint/binding-linux-arm-gnueabihf": ["@oxlint/binding-linux-arm-gnueabihf@1.73.0", "", { "os": "linux", "cpu": "arm" }, "sha512-cCehYh5hTbfShm/fxTD6wwrGUWIpvX+N5OxmAMhFhDeTGXvw+BeNj889tpxsFQ9ZLatQ6wImuY8tsKLZ+FMz7w=="],

    "@oxlint/binding-linux-arm-musleabihf": ["@oxlint/binding-linux-arm-musleabihf@1.73.0", "", { "os": "linux", "cpu": "arm" }, "sha512-d5j5GDU/2dMgjVhw7TQT9ITrsIr1Y02KEXKyVGIXUkD+KiaxE9TP65FS2ZdgTBemQvoRL+gSBdbrIm3cQIeacg=="],

    "@oxlint/binding-linux-arm64-gnu": ["@oxlint/binding-linux-arm64-gnu@1.73.0", "", { "os": "linux", "cpu": "arm64" }, "sha512-Eyf1SrP3+yR1DI3OJgOY2Pvrr9dWP9TK37xPaDYycwTtlGlI45erJAVIfH5/m/xosDt6BupJYEFi47bvbTuuyw=="],

    "@oxlint/binding-linux-arm64-musl": ["@oxlint/binding-linux-arm64-musl@1.73.0", "", { "os": "linux", "cpu": "arm64" }, "sha512-IlT/OJApEDKaMmCooHuncgJZbbCe7T5QIWmTZBEtYscWvzPQuuEinVcid6kwQRVQOUdb7PUCz4jQHnaYXdfJXw=="],

    "@oxlint/binding-linux-ppc64-gnu": ["@oxlint/binding-linux-ppc64-gnu@1.73.0", "", { "os": "linux", "cpu": "ppc64" }, "sha512-L+JYcb/vdg5fmcH08V6o0YYLU28cTH1SPNulwJdvK9NK49aXSkYy6oNpKBmddArVOXYqNepriDGiZ04G54kh1Q=="],

    "@oxlint/binding-linux-riscv64-gnu": ["@oxlint/binding-linux-riscv64-gnu@1.73.0", "", { "os": "linux", "cpu": "none" }, "sha512-Qtk0g3bKV6OwWjIm7R8kQN1uOZRKQt/MODK2a8QfkwhTpXBD53ozx5XLVWLGDQAVyp2otLW4D2wB98XfAfMPGA=="],

    "@oxlint/binding-linux-riscv64-musl": ["@oxlint/binding-linux-riscv64-musl@1.73.0", "", { "os": "linux", "cpu": "none" }, "sha512-wX0NQKZVxltkAOVmzFcpOaMpdaUvsq1Eqpx9tkAfl71UdkTlSo1R4AdAnGccR1Fm2+TzFgZ22CyyGuZ41RDr/A=="],

    "@oxlint/binding-linux-s390x-gnu": ["@oxlint/binding-linux-s390x-gnu@1.73.0", "", { "os": "linux", "cpu": "s390x" }, "sha512-vPe7UGBMWyiLTtnqS4xxgMQFSFGmtQwhwCxuiw6lXygaO6bVt0D8dFVg8Xv05eaiN3ybC0HXXHUAohFMFvqoCQ=="],

    "@oxlint/binding-linux-x64-gnu": ["@oxlint/binding-linux-x64-gnu@1.73.0", "", { "os": "linux", "cpu": "x64" }, "sha512-2CwIWr9cemFC/CbRBWZvuk5mffz6ObmfFkfcC/9rTQ7f+icNhYr2kOjf9Rt8lLvugvkdGDOmkoVoFFHh6ClCTw=="],

    "@oxlint/binding-linux-x64-musl": ["@oxlint/binding-linux-x64-musl@1.73.0", "", { "os": "linux", "cpu": "x64" }, "sha512-nDadfJgg7NBBxG0N560wOe7LLX5QiYp6qBaI7viuk5EUORFBktU/NfV0MbTqU3gTqQDCh4VyxKdo5VADxk9w8Q=="],

    "@oxlint/binding-openharmony-arm64": ["@oxlint/binding-openharmony-arm64@1.73.0", "", { "os": "none", "cpu": "arm64" }, "sha512-wGjJC+NLH9xP+IKGn9RDW94ojJR/wPbg5WCnQjj/oReaOtCQthr8ws1zICe77JFmo4ouUdeTHHZL/ESGiF6Pmw=="],

    "@oxlint/binding-win32-arm64-msvc": ["@oxlint/binding-win32-arm64-msvc@1.73.0", "", { "os": "win32", "cpu": "arm64" }, "sha512-I7X47GPGljw225YUQ5SbC/rb1Kkdrd0yQf0x+hYxeKS6DpfjMbo9ccQPQ6LNY6BoJQ1sHhgDUGuMn5Vg5gHT6w=="],

    "@oxlint/binding-win32-ia32-msvc": ["@oxlint/binding-win32-ia32-msvc@1.73.0", "", { "os": "win32", "cpu": "ia32" }, "sha512-5lWj+3h+74Fm1jYOO9qkJA4xkAlZA099DkXppuXsk7UpnpZLttsefrZU469vChGaG6hcSqrkKXQOvMTZtbjeNg=="],

    "@oxlint/binding-win32-x64-msvc": ["@oxlint/binding-win32-x64-msvc@1.73.0", "", { "os": "win32", "cpu": "x64" }, "sha512-WaNRvh4f6zY9CvUQk2YoA1O90ieWrIklI84+HXFr9Isjz9CSESrdqo/RtIYt4Dll/cAchqGDMehfaZd0vqEFZw=="],

    "@types/bun": ["@types/bun@1.3.14", "", { "dependencies": { "bun-types": "1.3.14" } }, "sha512-h1hFqFVcvAvD9j9K7ZW7vd82aSA+rTdznZa+5bwvCwqSB1jmmfLcbIWhOLx1/+boy/xmjgCs/OMUL8hRJSmnPw=="],

    "@types/node": ["@types/node@24.0.14", "", { "dependencies": { "undici-types": "~7.8.0" } }, "sha512-4zXMWD91vBLGRtHK3YbIoFMia+1nqEz72coM42C5ETjnNCa/heoj7NT1G67iAfOqMmcfhuCZ4uNpyz8EjlAejw=="],

    "@ungap/structured-clone": ["@ungap/structured-clone@1.2.0", "", {}, "sha512-zuVdFrMJiuCDQUMCzQaD6KL28MjnqqN8XnAqiEq9PNm/hCPTSGfrXCOfwj1ow4LFb/tNymJPwsNbVePc1xFqrQ=="],

    "abort-controller": ["abort-controller@3.0.0", "", { "dependencies": { "event-target-shim": "^5.0.0" } }, "sha512-h8lQ8tacZYnR3vNQTgibj+tODHI5/+l06Au2Pcriv/Gmet0eaj4TwWH41sO9wnHDiQsEj19q0drzdWdeAHtweg=="],

    "adze": ["adze@2.3.0", "", { "dependencies": { "@ungap/structured-clone": "1.2.0", "picocolors": "1.1.1" } }, "sha512-c5I7uXn5jZ075LbW0lhkmllq4OLQsLHbEV63MbykOQr/VPIOdTgbxGH4QoXHqakAUO3rUSEmURd5eM9GgpJB6g=="],

    "binary-version": ["binary-version@7.1.0", "", { "dependencies": { "execa": "^8.0.1", "find-versions": "^6.0.0" } }, "sha512-Iy//vPc3ANPNlIWd242Npqc8MK0a/i4kVcHDlDA6HNMv5zMxz4ulIFhOSYJVKw/8AbHdHy0CnGYEt1QqSXxPsw=="],

    "binary-version-check": ["binary-version-check@6.1.0", "", { "dependencies": { "binary-version": "^7.1.0", "semver": "^7.6.0", "semver-truncate": "^3.0.0" } }, "sha512-REKdLKmuViV2WrtWXvNSiPX04KbIjfUV3Cy8batUeOg+FtmowavzJorfFhWq95cVJzINnL/44ixP26TrdJZACA=="],

    "bun-types": ["bun-types@1.3.14", "", { "dependencies": { "@types/node": "*" } }, "sha512-4N0ig0fEomHt5R0KCFWjovxow98rIoRwKolrYdCcknNwMekCXRnWEUvgu5soYV8QXtVsrUD8B95MBOZGPvr6KQ=="],

    "convert-hrtime": ["convert-hrtime@5.0.0", "", {}, "sha512-lOETlkIeYSJWcbbcvjRKGxVMXJR+8+OQb/mTPbA4ObPMytYIsUbuOE0Jzy60hjARYszq1id0j8KgVhC+WGZVTg=="],

    "cross-spawn": ["cross-spawn@7.0.6", "", { "dependencies": { "path-key": "^3.1.0", "shebang-command": "^2.0.0", "which": "^2.0.1" } }, "sha512-uV2QOWP2nWzsy2aMp8aRibhi9dlzF5Hgh5SHaB9OiTGEyDTiJJyx0uy51QXdyWbtAHNua4XJzUKca3OzKUd3vA=="],

    "dargs": ["dargs@7.0.0", "", {}, "sha512-2iy1EkLdlBzQGvbweYRFxmFath8+K7+AKB0TlhHWkNuH+TmovaMH/Wp7V7R4u7f4SnX3OgLsU9t1NI9ioDnUpg=="],

    "debug": ["debug@4.4.3", "", { "dependencies": { "ms": "^2.1.3" } }, "sha512-RGwwWnwQvkVfavKVt22FGLw+xYSdzARwm0ru6DhTVA3umU5hZc28V3kO4stgYryrTlLpuvgI9GiijltAjNbcqA=="],

    "debug-logfmt": ["debug-logfmt@1.4.7", "", { "dependencies": { "@kikobeats/time-span": "~1.0.5", "null-prototype-object": "~1.2.2", "pretty-ms": "~7.0.1" } }, "sha512-NzGmPp2Fru8KerWcg4zfiPCC1rspLUPqfH5Duz/ZF49CqO97odSx7eFjBNiOQzNQYfvpEEPrxNjyA436lITQkQ=="],

    "event-target-shim": ["event-target-shim@5.0.1", "", {}, "sha512-i/2XbnSz/uxRCU6+NdVJgKWDTM427+MqYbkQzD321DuCQJUqOuJKIA0IM2+W2xtYHdKOmZ4dR6fExsd4SXL+WQ=="],

    "execa": ["execa@8.0.1", "", { "dependencies": { "cross-spawn": "^7.0.3", "get-stream": "^8.0.1", "human-signals": "^5.0.0", "is-stream": "^3.0.0", "merge-stream": "^2.0.0", "npm-run-path": "^5.1.0", "onetime": "^6.0.0", "signal-exit": "^4.1.0", "strip-final-newline": "^3.0.0" } }, "sha512-VyhnebXciFV2DESc+p6B+y0LjSm0krU4OgJN44qFAhBY0TJ+1V61tYD2+wHusZ6F9n5K+vl8k0sTy7PEfV4qpg=="],

    "find-versions": ["find-versions@6.0.0", "", { "dependencies": { "semver-regex": "^4.0.5", "super-regex": "^1.0.0" } }, "sha512-2kCCtc+JvcZ86IGAz3Z2Y0A1baIz9fL31pH/0S1IqZr9Iwnjq8izfPtrCyQKO6TLMPELLsQMre7VDqeIKCsHkA=="],

    "function-timeout": ["function-timeout@1.0.2", "", {}, "sha512-939eZS4gJ3htTHAldmyyuzlrD58P03fHG49v2JfFXbV6OhvZKRC9j2yAtdHw/zrp2zXHuv05zMIy40F0ge7spA=="],

    "get-stream": ["get-stream@8.0.1", "", {}, "sha512-VaUJspBffn/LMCJVoMvSAdmscJyS1auj5Zulnn5UoYcY531UWmdwhRWkcGKnGU93m5HSXP9LP2usOryrBtQowA=="],

    "grammy": ["grammy@1.44.0", "", { "dependencies": { "@grammyjs/types": "3.28.0", "abort-controller": "^3.0.0", "debug": "^4.4.3", "node-fetch": "^2.7.0" } }, "sha512-gGVykS5+c5f1tPV97LuU6IDRMawE2NzpwM9pNz58HQ35IZXDnYL3VOLvNzYognPSeBIOSzQXRu5w96V0aY8y8A=="],

    "human-signals": ["human-signals@5.0.0", "", {}, "sha512-AXcZb6vzzrFAUE61HnN4mpLqd/cSIwNQjtNWR0euPm6y0iqx3G4gOXaIDdtdDwZmhwe82LA6+zinmW4UBWVePQ=="],

    "is-stream": ["is-stream@3.0.0", "", {}, "sha512-LnQR4bZ9IADDRSkvpqMGvt/tEJWclzklNgSw48V5EAaAeDd6qGvN8ei6k5p0tvxSR171VmGyHuTiAOfxAbr8kA=="],

    "is-unix": ["is-unix@2.0.10", "", {}, "sha512-CcasZSEOQUoE7JHy56se4wyRhdJfjohuMWYmceSTaDY4naKyd1fpLiY8rJsIT6AKfVstQAhHJOfPx7jcUxK61Q=="],

    "isexe": ["isexe@2.0.0", "", {}, "sha512-RHxMLp9lnKHGHRng9QFhRCMbYAcVpn69smSGcq3f36xjgVVWThj4qqLbTLlq7Ssj8B+fIQ1EuCEGI2lKsyQeIw=="],

    "merge-stream": ["merge-stream@2.0.0", "", {}, "sha512-abv/qOcuPfk3URPfDzmZU1LKmuw8kT+0nIHvKrKgFrwifol/doWcdA4ZqsWQ8ENrFKkd67Mfpo/LovbIUsbt3w=="],

    "mime-db": ["mime-db@1.25.0", "", {}, "sha512-5k547tI4Cy+Lddr/hdjNbBEWBwSl8EBc5aSdKvedav8DReADgWJzcYiktaRIw3GtGC1jjwldXtTzvqJZmtvC7w=="],

    "mime-types": ["mime-types@2.1.13", "", { "dependencies": { "mime-db": "~1.25.0" } }, "sha512-ryBDp1Z/6X90UvjUK3RksH0IBPM137T7cmg4OgD5wQBojlAiUwuok0QeELkim/72EtcYuNlmbkrcGuxj3Kl0YQ=="],

    "mimic-fn": ["mimic-fn@4.0.0", "", {}, "sha512-vqiC06CuhBTUdZH+RYl8sFrL096vA45Ok5ISO6sE/Mr1jRbGH4Csnhi8f3wKVl7x8mO4Au7Ir9D3Oyv1VYMFJw=="],

    "ms": ["ms@2.1.3", "", {}, "sha512-6FlzubTLZG3J2a/NVCAleEhjzq5oxgHyaCU9yYXvcLsvoVaHJq/s5xXI6/XXP6tz7R9xAOtHnSO/tXtF3WRTlA=="],

    "node-fetch": ["node-fetch@2.7.0", "", { "dependencies": { "whatwg-url": "^5.0.0" }, "peerDependencies": { "encoding": "^0.1.0" }, "optionalPeers": ["encoding"] }, "sha512-c4FRfUm/dbcWZ7U+1Wq0AwCyFL+3nt2bEw05wfxSz+DWpWsitgmSgYmy2dQdWyKC1694ELPqMs/YzUSNozLt8A=="],

    "npm-run-path": ["npm-run-path@5.3.0", "", { "dependencies": { "path-key": "^4.0.0" } }, "sha512-ppwTtiJZq0O/ai0z7yfudtBpWIoxM8yE6nHi1X47eFR2EWORqfbu6CnPlNsjeN683eT0qG6H/Pyf9fCcvjnnnQ=="],

    "null-prototype-object": ["null-prototype-object@1.2.5", "", {}, "sha512-YAPMPwBVlXXmIx/eIHx/KwIL1Bsd8I+YHQdFpW0Ydvez6vu5Bx2CaP4GrEnH5c1huVWZD9MqEuFwAJoBMm5LJQ=="],

    "onetime": ["onetime@6.0.0", "", { "dependencies": { "mimic-fn": "^4.0.0" } }, "sha512-1FlR+gjXK7X+AsAHso35MnyN5KqGwJRi/31ft6x0M194ht7S+rWAvd7PHss9xSKMzE0asv1pyIHaJYq+BbacAQ=="],

    "oxfmt": ["oxfmt@0.57.0", "", { "dependencies": { "tinypool": "2.1.0" }, "optionalDependencies": { "@oxfmt/binding-android-arm-eabi": "0.57.0", "@oxfmt/binding-android-arm64": "0.57.0", "@oxfmt/binding-darwin-arm64": "0.57.0", "@oxfmt/binding-darwin-x64": "0.57.0", "@oxfmt/binding-freebsd-x64": "0.57.0", "@oxfmt/binding-linux-arm-gnueabihf": "0.57.0", "@oxfmt/binding-linux-arm-musleabihf": "0.57.0", "@oxfmt/binding-linux-arm64-gnu": "0.57.0", "@oxfmt/binding-linux-arm64-musl": "0.57.0", "@oxfmt/binding-linux-ppc64-gnu": "0.57.0", "@oxfmt/binding-linux-riscv64-gnu": "0.57.0", "@oxfmt/binding-linux-riscv64-musl": "0.57.0", "@oxfmt/binding-linux-s390x-gnu": "0.57.0", "@oxfmt/binding-linux-x64-gnu": "0.57.0", "@oxfmt/binding-linux-x64-musl": "0.57.0", "@oxfmt/binding-openharmony-arm64": "0.57.0", "@oxfmt/binding-win32-arm64-msvc": "0.57.0", "@oxfmt/binding-win32-ia32-msvc": "0.57.0", "@oxfmt/binding-win32-x64-msvc": "0.57.0" }, "peerDependencies": { "svelte": "^5.0.0", "vite-plus": "*" }, "optionalPeers": ["svelte", "vite-plus"], "bin": { "oxfmt": "bin/oxfmt" } }, "sha512-ZB7Bi+rGDSqmVIo9jwcLyFgjxXvQhDdU+jx+ZrVy6VRiVXK2+CHc4hO3J4dUQjHe7V0ymHB+MDuv5z+NhK07HA=="],

    "oxlint": ["oxlint@1.73.0", "", { "optionalDependencies": { "@oxlint/binding-android-arm-eabi": "1.73.0", "@oxlint/binding-android-arm64": "1.73.0", "@oxlint/binding-darwin-arm64": "1.73.0", "@oxlint/binding-darwin-x64": "1.73.0", "@oxlint/binding-freebsd-x64": "1.73.0", "@oxlint/binding-linux-arm-gnueabihf": "1.73.0", "@oxlint/binding-linux-arm-musleabihf": "1.73.0", "@oxlint/binding-linux-arm64-gnu": "1.73.0", "@oxlint/binding-linux-arm64-musl": "1.73.0", "@oxlint/binding-linux-ppc64-gnu": "1.73.0", "@oxlint/binding-linux-riscv64-gnu": "1.73.0", "@oxlint/binding-linux-riscv64-musl": "1.73.0", "@oxlint/binding-linux-s390x-gnu": "1.73.0", "@oxlint/binding-linux-x64-gnu": "1.73.0", "@oxlint/binding-linux-x64-musl": "1.73.0", "@oxlint/binding-openharmony-arm64": "1.73.0", "@oxlint/binding-win32-arm64-msvc": "1.73.0", "@oxlint/binding-win32-ia32-msvc": "1.73.0", "@oxlint/binding-win32-x64-msvc": "1.73.0" }, "peerDependencies": { "oxlint-tsgolint": ">=0.24.0", "vite-plus": "*" }, "optionalPeers": ["oxlint-tsgolint", "vite-plus"], "bin": { "oxlint": "bin/oxlint" } }, "sha512-u91G9TJzU6yqKWNZUYprQB07W7YvntZXaRxQ6CkoytepYhLWUXWsr1M8zUJ34VatNPuUAr3Z8GH+O2A331CluQ=="],

    "parse-ms": ["parse-ms@2.1.0", "", {}, "sha512-kHt7kzLoS9VBZfUsiKjv43mr91ea+U05EyKkEtqp7vNbHxmaVuEqN7XxeEVnGrMtYOAxGrDElSi96K7EgO1zCA=="],

    "path-key": ["path-key@3.1.1", "", {}, "sha512-ojmeN0qd+y0jszEtoY48r0Peq5dwMEkIlCOu6Q5f41lfkswXuKtYrhgoTpLnyIcHm24Uhqx+5Tqm2InSwLhE6Q=="],

    "picocolors": ["picocolors@1.1.1", "", {}, "sha512-xceH2snhtb5M9liqDsmEw56le376mTZkEX/jEb/RxNFyegNul7eNslCXP9FDj/Lcu0X8KEyMceP2ntpaHrDEVA=="],

    "podcast": ["podcast@2.0.1", "", { "dependencies": { "rss": "^1.2.2" } }, "sha512-TWXe/zVziwJNksAn7RLkSre+Z6VQgbs/+gC7qQCKdkyw0hv2hdFGOY9rHgKqa4LI+UP+yZBa6Wr+b9a9vrYDYQ=="],

    "pretty-ms": ["pretty-ms@7.0.1", "", { "dependencies": { "parse-ms": "^2.1.0" } }, "sha512-973driJZvxiGOQ5ONsFhOF/DtzPMOMtgC11kCpUrPGMTgqp2q/1gwzCquocrN33is0VZ5GFHXZYMM9l6h67v2Q=="],

    "rss": ["rss@1.2.2", "", { "dependencies": { "mime-types": "2.1.13", "xml": "1.0.1" } }, "sha512-xUhRTgslHeCBeHAqaWSbOYTydN2f0tAzNXvzh3stjz7QDhQMzdgHf3pfgNIngeytQflrFPfy6axHilTETr6gDg=="],

    "semver": ["semver@7.7.2", "", { "bin": { "semver": "bin/semver.js" } }, "sha512-RF0Fw+rO5AMf9MAyaRXI4AV0Ulj5lMHqVxxdSgiVbixSCXoEmmX/jk0CuJw4+3SqroYO9VoUh+HcuJivvtJemA=="],

    "semver-regex": ["semver-regex@4.0.5", "", {}, "sha512-hunMQrEy1T6Jr2uEVjrAIqjwWcQTgOAcIM52C8MY1EZSD3DDNft04XzvYKPqjED65bNVVko0YI38nYeEHCX3yw=="],

    "semver-truncate": ["semver-truncate@3.0.0", "", { "dependencies": { "semver": "^7.3.5" } }, "sha512-LJWA9kSvMolR51oDE6PN3kALBNaUdkxzAGcexw8gjMA8xr5zUqK0JiR3CgARSqanYF3Z1YHvsErb1KDgh+v7Rg=="],

    "shebang-command": ["shebang-command@2.0.0", "", { "dependencies": { "shebang-regex": "^3.0.0" } }, "sha512-kHxr2zZpYtdmrN1qDjrrX/Z1rR1kG8Dx+gkpK1G4eXmvXswmcE1hTWBWYUzlraYw1/yZp6YuDY77YtvbN0dmDA=="],

    "shebang-regex": ["shebang-regex@3.0.0", "", {}, "sha512-7++dFhtcx3353uBaq8DDR4NuxBetBzC7ZQOhmTQInHEd6bSrXdiEyzCvG07Z44UYdLShWUyXt5M/yhz8ekcb1A=="],

    "signal-exit": ["signal-exit@4.1.0", "", {}, "sha512-bzyZ1e88w9O1iNJbKnOlvYTrWPDl46O1bG0D3XInv+9tkPrxrN8jUUTiFlDkkmKWgn1M6CfIA13SuGqOa9Korw=="],

    "strip-final-newline": ["strip-final-newline@3.0.0", "", {}, "sha512-dOESqjYr96iWYylGObzd39EuNTa5VJxyvVAEm5Jnh7KGo75V43Hk1odPQkNDyXNmUR6k+gEiDVXnjB8HJ3crXw=="],

    "super-regex": ["super-regex@1.0.0", "", { "dependencies": { "function-timeout": "^1.0.1", "time-span": "^5.1.0" } }, "sha512-CY8u7DtbvucKuquCmOFEKhr9Besln7n9uN8eFbwcoGYWXOMW07u2o8njWaiXt11ylS3qoGF55pILjRmPlbodyg=="],

    "time-span": ["time-span@5.1.0", "", { "dependencies": { "convert-hrtime": "^5.0.0" } }, "sha512-75voc/9G4rDIJleOo4jPvN4/YC4GRZrY8yy1uU4lwrB3XEQbWve8zXoO5No4eFrGcTAMYyoY67p8jRQdtA1HbA=="],

    "tinypool": ["tinypool@2.1.0", "", {}, "sha512-Pugqs6M0m7Lv1I7FtxN4aoyToKg1C4tu+/381vH35y8oENM/Ai7f7C4StcoK4/+BSw9ebcS8jRiVrORFKCALLw=="],

    "tinyspawn": ["tinyspawn@1.5.1", "", {}, "sha512-z/juCugG0RSq2YwZ0XLZVCBkjHDhJmNZqaXNDKCa9VFlsUsmB1rFrhCXkzTe/JUrm0gk/Jpo7sBRjZ+8UKNwhg=="],

    "tr46": ["tr46@0.0.3", "", {}, "sha512-N3WMsuqV66lT30CrXNbEjx4GEwlow3v6rr4mCcv6prnfwhS01rkgyFdjPNBYd9br7LpXV1+Emh01fHnq2Gdgrw=="],

    "typescript": ["typescript@5.8.3", "", { "bin": { "tsc": "bin/tsc", "tsserver": "bin/tsserver" } }, "sha512-p1diW6TqL9L07nNxvRMM7hMMw4c5XOo/1ibL4aAIGmSAt9slTE1Xgw5KWuof2uTOvCg9BY7ZRi+GaF+7sfgPeQ=="],

    "undici-types": ["undici-types@7.8.0", "", {}, "sha512-9UJ2xGDvQ43tYyVMpuHlsgApydB8ZKfVYTsLDhXkFL/6gfkp+U8xTGdh8pMJv1SpZna0zxG1DwsKZsreLbXBxw=="],

    "webidl-conversions": ["webidl-conversions@3.0.1", "", {}, "sha512-2JAn3z8AR6rjK8Sm8orRC0h/bcl/DqL7tRPdGZ4I1CjdF+EaMLmYxBHyXuKL849eucPFhvBoxMsflfOb8kxaeQ=="],

    "whatwg-url": ["whatwg-url@5.0.0", "", { "dependencies": { "tr46": "~0.0.3", "webidl-conversions": "^3.0.0" } }, "sha512-saE57nupxk6v3HY35+jzBwYa0rKSy0XR8JSxZPwgLr7ys0IBzhGviA1/TUGJLmSVqs8pb9AnvICXEuOHLprYTw=="],

    "which": ["which@2.0.2", "", { "dependencies": { "isexe": "^2.0.0" }, "bin": { "node-which": "./bin/node-which" } }, "sha512-BLI3Tl1TW3Pvl70l3yq3Y64i+awpwXqsGBYWkkqMtnbXgrMD+yj7rhW0kuEDxzJaYXGjEW5ogapKNMEKNMjibA=="],

    "xml": ["xml@1.0.1", "", {}, "sha512-huCv9IH9Tcf95zuYCsQraZtWnJvBtLVE0QHMOs8bWyZAFZNDcYjsPq1nEx8jKA9y+Beo9v+7OBPRisQTjinQMw=="],

    "youtube-dl-exec": ["youtube-dl-exec@3.1.8", "", { "dependencies": { "binary-version-check": "~6.1.0", "dargs": "~7.0.0", "debug-logfmt": "~1.4.0", "is-unix": "~2.0.10", "tinyspawn": "~1.5.0" } }, "sha512-ob5NT5NbueVb4oSOa7yivxZG18wBhGEu9JNxzqaGEyZnvjZXJlRycUogHgWNsng8jUwceSxJsBdZlgbBO5gDHg=="],

    "npm-run-path/path-key": ["path-key@4.0.0", "", {}, "sha512-haREypq7xkM7ErfgIyA0z+Bj4AGKlMSdlQE2jvJo6huWD1EdkKYV+G/T4nq0YEF2vgTT8kqMFKo1uHn950r4SQ=="],
  }
}
