{
  "lockfileVersion": 1,
  "configVersion": 0,
  "workspaces": {
    "": {
      "name": "youtube2rss",
      "dependencies": {
        "adze": "^2.3.0",
        "grammy": "^1.44.0",
        "podcast": "^2.0.1",
        "typescript": "^5.9.3",
        "youtube-dl-exec": "^3.1.9",
      },
      "devDependencies": {
        "@libs/xml": "npm:@jsr/libs__xml@8.0.0",
        "@types/bun": "^1.3.14",
        "oxfmt": "^0.58.0",
        "oxlint": "^1.75.0",
      },
    },
  },
  "trustedDependencies": [
    "youtube-dl-exec",
  ],
  "packages": {
    "@grammyjs/types": ["@grammyjs/types@3.28.0", "", {}, "sha512-4JvXCdxRZHCje0M4gHzLwtB4bLno3WD28xd8CNfk4POWIu73BFnSvGeW6OQ5gPem4eYTEwkD9yDaXssixl6tMQ=="],

    "@jsr/std__xml": ["@jsr/std__xml@0.1.3", "https://npm.jsr.io/~/11/@jsr/std__xml/0.1.3.tgz", {}, "sha512-fChN4j8b3gH951TytVGhR8Mm8WTS+5m+7Bk/7KL1uksAJ/sGmCxckYBg663zMYE4CZNq2WG3WCbQMp9ItNynXQ=="],

    "@kikobeats/time-span": ["@kikobeats/time-span@1.0.6", "", {}, "sha512-GZS6SI1o5NWHEOpCa4CpofOkfitR4xjRY3ZwAm85VQIXTPtYvUv9bDI9qRvlgNUX04kWhC3LxnNjM1jwD4h0aA=="],

    "@libs/xml": ["@jsr/libs__xml@8.0.0", "https://npm.jsr.io/~/11/@jsr/libs__xml/8.0.0.tgz", { "dependencies": { "@jsr/std__xml": "^0.1.3" } }, "sha512-7RXXR1D/SqYtn90zW8wE7CYdga6t7p0YkiQ80sbv7nW6vyxJmuiDbg3xfxifE/QeHGLDiQH8CmEzNFDspY9gpA=="],

    "@oxfmt/binding-android-arm-eabi": ["@oxfmt/binding-android-arm-eabi@0.58.0", "", { "os": "android", "cpu": "arm" }, "sha512-Uz62sHduGGPftXtILGyxdSW4PX82rUg+rfdNqhsgxe881g4rIoXlIqmZQ6HVKcF4f+F8qMhdD03Bx5u7gmeTdg=="],

    "@oxfmt/binding-android-arm64": ["@oxfmt/binding-android-arm64@0.58.0", "", { "os": "android", "cpu": "arm64" }, "sha512-rD0lRaJp1b+9vw6X4A2dJWKukd6X8yxiicN4JxXcXayolmUypRZxk+lKR+fVOu5q/iYc0fh5fR4bgmfOfVlbaA=="],

    "@oxfmt/binding-darwin-arm64": ["@oxfmt/binding-darwin-arm64@0.58.0", "", { "os": "darwin", "cpu": "arm64" }, "sha512-uzbPPk7O6M+w2K65vcQ1woga3wgP8zghjL1KOG5b6qJ8dvYHZJ1VShaslg2KOK6yQIwCQtcMCXqLBM6sqXUNTg=="],

    "@oxfmt/binding-darwin-x64": ["@oxfmt/binding-darwin-x64@0.58.0", "", { "os": "darwin", "cpu": "x64" }, "sha512-L0nKYDxU32oxeQqJj21W9SlIMnf81VZEhyah6iDvFhf5q0oynq498Fopth7blErUJVBpVtxQ98RMCfMPqpJX6w=="],

    "@oxfmt/binding-freebsd-x64": ["@oxfmt/binding-freebsd-x64@0.58.0", "", { "os": "freebsd", "cpu": "x64" }, "sha512-woNwfD58dC5PGS9LSLSD5JYfo/EFK5iG9vhDWkcCg3q78ag7KC8bpDqgvPHrMoXpx83OLXxoSOhu6z8FsVTHlg=="],

    "@oxfmt/binding-linux-arm-gnueabihf": ["@oxfmt/binding-linux-arm-gnueabihf@0.58.0", "", { "os": "linux", "cpu": "arm" }, "sha512-Sqs8nMLxuQpY21NKJ1u4stPDmO5hskBCNNh2E3AdCfI1QqWtf4m+Qn4mGEIUO4KGmuq3SWc/SZ80uy5IiwTCDw=="],

    "@oxfmt/binding-linux-arm-musleabihf": ["@oxfmt/binding-linux-arm-musleabihf@0.58.0", "", { "os": "linux", "cpu": "arm" }, "sha512-Vd4exzBI5B5hB9m22JiTQzIL23WvHo/Pe+sNXPNeBLXSP9swCBPKCEBRwKpmpQzYhlgYaCgfPcGXPKAJBRIiZQ=="],

    "@oxfmt/binding-linux-arm64-gnu": ["@oxfmt/binding-linux-arm64-gnu@0.58.0", "", { "os": "linux", "cpu": "arm64" }, "sha512-bUWi5mHV+4Vi56RLHE1h6q/HHfwAIT3XoB9vJAVeRzfu5NriXM8y6eeJu0vlKa0C9kq2rq1sOWRClhdLHPocrg=="],

    "@oxfmt/binding-linux-arm64-musl": ["@oxfmt/binding-linux-arm64-musl@0.58.0", "", { "os": "linux", "cpu": "arm64" }, "sha512-2ZHxemzgHcjtktAuVUwSoyXmGo/t+aF5tS1ciPpPei4rhSyrz3JOqDosXXrmhN/yLUSzJjtuW7ToTWqfQpCj2w=="],

    "@oxfmt/binding-linux-ppc64-gnu": ["@oxfmt/binding-linux-ppc64-gnu@0.58.0", "", { "os": "linux", "cpu": "ppc64" }, "sha512-AwKkVwjVmFQ3bcO7j0McGYAqCKH2a326fswfofng/E8VewCT/raeeGQr4huVhY704deK8AWASSTlxzMj0eZc6Q=="],

    "@oxfmt/binding-linux-riscv64-gnu": ["@oxfmt/binding-linux-riscv64-gnu@0.58.0", "", { "os": "linux", "cpu": "none" }, "sha512-xsRpTxfUnJF8D3AUKko/qyWdjw4GZVHlCVFuGlzSCTeewLmykKINW8em1+wx+axsDVtJJcMtvsiaXggXxrlHgw=="],

    "@oxfmt/binding-linux-riscv64-musl": ["@oxfmt/binding-linux-riscv64-musl@0.58.0", "", { "os": "linux", "cpu": "none" }, "sha512-Z4AYOTcy7nYEIiXwD62PlerimyYRcfJOgUbQAEBjXz098kxKuERBlRntofGy69HHhe9E0TLVNMl1yspVNu+efw=="],

    "@oxfmt/binding-linux-s390x-gnu": ["@oxfmt/binding-linux-s390x-gnu@0.58.0", "", { "os": "linux", "cpu": "s390x" }, "sha512-A3nhhtZPC/TKVWOPj9q/H3p2znJDCcHWYlJBhWL8hGq/bFmBaNBHC8Np6E581yVq1w9Mi3rMDNzDalWvtUfJtQ=="],

    "@oxfmt/binding-linux-x64-gnu": ["@oxfmt/binding-linux-x64-gnu@0.58.0", "", { "os": "linux", "cpu": "x64" }, "sha512-2g+tVkgwqphw8R4hgo+kF4oz8+P5RwVOtr9+irsC7uwEp0e9j7Crw8kDGKL20uYlLPD7g02DqA61mC/UNYx98A=="],

    "@oxfmt/binding-linux-x64-musl": ["@oxfmt/binding-linux-x64-musl@0.58.0", "", { "os": "linux", "cpu": "x64" }, "sha512-rc15P6AbyyB7426aN8AakLd02Trb3a6ML/mmfAQeVHJEfVofWLcWIrBdy6zDEY+DIaL/s8E4GGPboVw+oP3+EA=="],

    "@oxfmt/binding-openharmony-arm64": ["@oxfmt/binding-openharmony-arm64@0.58.0", "", { "os": "none", "cpu": "arm64" }, "sha512-ZWoTM27/HYPOh9iq86DAbhPu9nXb8qKvvGU/h8OfliyVUFAMMNTLDkGsWDKKnDqIkqvZ9+dXlgUOsH1LYO3O7g=="],

    "@oxfmt/binding-win32-arm64-msvc": ["@oxfmt/binding-win32-arm64-msvc@0.58.0", "", { "os": "win32", "cpu": "arm64" }, "sha512-LHZnqFXe2dEfkRI4XdZS/57nEOT/I4UCRX5IyM9v4GYW9XwQCjGe1IUK59SuKw3POwvcgWQ4pme2cYXmNqTNPg=="],

    "@oxfmt/binding-win32-ia32-msvc": ["@oxfmt/binding-win32-ia32-msvc@0.58.0", "", { "os": "win32", "cpu": "ia32" }, "sha512-mZKpg20TpheCJym1rarcZCUJeW1sSruw8zAAaCYWvuVfwIUDN1CXdrPU/JgCWReXTCTrEfCB8Wyo3hh9jSZ2EA=="],

    "@oxfmt/binding-win32-x64-msvc": ["@oxfmt/binding-win32-x64-msvc@0.58.0", "", { "os": "win32", "cpu": "x64" }, "sha512-N/wUU4N5PZ2orBtI+Ko7MnMfYLfE7K91UrGMY/c/pYyHR3lA9kwst1XugkZx+92YcRh/Eo+iv2eTESSWXfiZPA=="],

    "@oxlint/binding-android-arm-eabi": ["@oxlint/binding-android-arm-eabi@1.75.0", "", { "os": "android", "cpu": "arm" }, "sha512-lutovtFzJqlRaqpZrCqSSGaHZzl9nIxxpjLzhSRLunN6dCLylj0uzlCyQGaQDIys7rrv8kVXiFO+R4Zpn0bX7g=="],

    "@oxlint/binding-android-arm64": ["@oxlint/binding-android-arm64@1.75.0", "", { "os": "android", "cpu": "arm64" }, "sha512-hXI0hDgHkw4w5nfru72aG7y+2iQJmC4waH/KV6H/hbgA6yAP5jYNx0P9yug15Hs0tWl/+mda3Jjn/2gmDT48tw=="],

    "@oxlint/binding-darwin-arm64": ["@oxlint/binding-darwin-arm64@1.75.0", "", { "os": "darwin", "cpu": "arm64" }, "sha512-D91BWbK/dMYfCcrghspPIuKs2D9LF4Z/OabVSQjw1AO6PWxArD7teDA48bm0ySFqWDaPVqmQRl5GMWNglTXyrQ=="],

    "@oxlint/binding-darwin-x64": ["@oxlint/binding-darwin-x64@1.75.0", "", { "os": "darwin", "cpu": "x64" }, "sha512-02mpwzf12BonZ6PT0TuQoomvEh2kVl2WGBIKWezCyToIS+rYkQZ6GXnARBAl9A4Ovm2V+Xe7M4KretyqmmcnJQ=="],

    "@oxlint/binding-freebsd-x64": ["@oxlint/binding-freebsd-x64@1.75.0", "", { "os": "freebsd", "cpu": "x64" }, "sha512-qZJgLnDaBsiL5YESx2t/TZ8eXkL9fEkKoXEdzegROhlz9A0lgyGnZ0dAzJrh7LJAHQl2K9RdRueN2s/9N7+odg=="],

    "@oxlint/binding-linux-arm-gnueabihf": ["@oxlint/binding-linux-arm-gnueabihf@1.75.0", "", { "os": "linux", "cpu": "arm" }, "sha512-7XlaWA5BJD3XpCfrEqjEe6Zseeb14S7QGa304XfwKignRaKQ+eIj775BQ7nIslggWickl4IsPUFqJ+/gAyNHVg=="],

    "@oxlint/binding-linux-arm-musleabihf": ["@oxlint/binding-linux-arm-musleabihf@1.75.0", "", { "os": "linux", "cpu": "arm" }, "sha512-av6Tpv8yrcMMMOadOqENBhlsLRcGFXXwoQ0hzHhsmS9FJ4Wioy8we427GbcMe2XTxmL2e60T67H1Dyr3up+tAA=="],

    "@oxlint/binding-linux-arm64-gnu": ["@oxlint/binding-linux-arm64-gnu@1.75.0", "", { "os": "linux", "cpu": "arm64" }, "sha512-WcUhd8fHT5plrA14lANevl+hOl815mVI5t2hU21oFWrZKFXIVV/Sr4rWQV0NzSvzBupbMLNc5ErEA6Ehxh5jMg=="],

    "@oxlint/binding-linux-arm64-musl": ["@oxlint/binding-linux-arm64-musl@1.75.0", "", { "os": "linux", "cpu": "arm64" }, "sha512-UWzp5wRHFe/ESO3+eEaxXsTkYTGLYjnTsi/I5neEacXSItQ6WNleapfOAeA4x2b8nyhJ4uQxqvtv9pHv8kWJtQ=="],

    "@oxlint/binding-linux-ppc64-gnu": ["@oxlint/binding-linux-ppc64-gnu@1.75.0", "", { "os": "linux", "cpu": "ppc64" }, "sha512-XEVRwGMLKCUKrvhLAz4F6AIh8MJrQVdSZtAmPpRZt9tGPsUnamPOcl3dS/ZQzJnar/Ymgc//+xho0L60Emzuxg=="],

    "@oxlint/binding-linux-riscv64-gnu": ["@oxlint/binding-linux-riscv64-gnu@1.75.0", "", { "os": "linux", "cpu": "none" }, "sha512-mAG4DUXqfLC8cTjMD2kt3jDmVzFREYtDyeLNdLdsCcBc4Zbl2EMuiFektGBilQwkNjYnMvCqJs55U+Hyb+b+jw=="],

    "@oxlint/binding-linux-riscv64-musl": ["@oxlint/binding-linux-riscv64-musl@1.75.0", "", { "os": "linux", "cpu": "none" }, "sha512-95hrAvriAlI+pekSomTFIn0+bawMDlDwTNVmdjsFusTHyL2JWh7TWvRNG/Lkim72uN8OiCcO9wcaC6omLP5E3w=="],

    "@oxlint/binding-linux-s390x-gnu": ["@oxlint/binding-linux-s390x-gnu@1.75.0", "", { "os": "linux", "cpu": "s390x" }, "sha512-4b6f2+FrtruAESrCqIKcrarzfrSx+wk2QNcp+RT91/Prc+pMQMAfyZ1rG1c3tFQNl8Bc616tx40uNXyxNBRPbQ=="],

    "@oxlint/binding-linux-x64-gnu": ["@oxlint/binding-linux-x64-gnu@1.75.0", "", { "os": "linux", "cpu": "x64" }, "sha512-nshAhrUvXFUWOvqQ2soIw7HFNWvpvEV4o0cYSqPtzLiPF5gKyYTDOOTJ6Rn8g8K/iGvPIrbDA4v8+5MvnjJrrg=="],

    "@oxlint/binding-linux-x64-musl": ["@oxlint/binding-linux-x64-musl@1.75.0", "", { "os": "linux", "cpu": "x64" }, "sha512-e4jNxLKnxLC6sYBQRxrI2pgIIxnmMtF8U/VwNYcjTT/CLS+spH624cYVnj07bTKwaEWT37/e025isOs6j/0xqA=="],

    "@oxlint/binding-openharmony-arm64": ["@oxlint/binding-openharmony-arm64@1.75.0", "", { "os": "none", "cpu": "arm64" }, "sha512-hZ2lH+1qLf/DiEP9UWuQTK2JWj/BgvMB4jhIV4SmNU1wfEiYYX4TynQyAZXx0j9X4qRYizAL042SKaV+8ynh4w=="],

    "@oxlint/binding-win32-arm64-msvc": ["@oxlint/binding-win32-arm64-msvc@1.75.0", "", { "os": "win32", "cpu": "arm64" }, "sha512-Ilj6PNzGDS3bCU0MSJH7Msh0NhH+T/mRp2shwg+q+GHeVlPwP5LEboW96aW+3kVKFk6zYZy1Xi5pZkqZh6X8KQ=="],

    "@oxlint/binding-win32-ia32-msvc": ["@oxlint/binding-win32-ia32-msvc@1.75.0", "", { "os": "win32", "cpu": "ia32" }, "sha512-QVit2nOEOiPhkmsrksPSkoGCdnZRNkspt8fwoYyP09te1VEbnSj4LAxua4rc8FKTmWkySVe05j8iz9GXYfF1AQ=="],

    "@oxlint/binding-win32-x64-msvc": ["@oxlint/binding-win32-x64-msvc@1.75.0", "", { "os": "win32", "cpu": "x64" }, "sha512-DSxnNkBUAYARPwJtR12Ig3deWr8w0H997xP6jy33i+e0SyYJw8FKuz4+cZtpmPEhQmvlPJE3X/2vNxDmLkd/rA=="],

    "@types/bun": ["@types/bun@1.3.14", "", { "dependencies": { "bun-types": "1.3.14" } }, "sha512-h1hFqFVcvAvD9j9K7ZW7vd82aSA+rTdznZa+5bwvCwqSB1jmmfLcbIWhOLx1/+boy/xmjgCs/OMUL8hRJSmnPw=="],

    "@types/node": ["@types/node@24.0.14", "", { "dependencies": { "undici-types": "~7.8.0" } }, "sha512-4zXMWD91vBLGRtHK3YbIoFMia+1nqEz72coM42C5ETjnNCa/heoj7NT1G67iAfOqMmcfhuCZ4uNpyz8EjlAejw=="],

    "@ungap/structured-clone": ["@ungap/structured-clone@1.2.0", "", {}, "sha512-zuVdFrMJiuCDQUMCzQaD6KL28MjnqqN8XnAqiEq9PNm/hCPTSGfrXCOfwj1ow4LFb/tNymJPwsNbVePc1xFqrQ=="],

    "abort-controller": ["abort-controller@3.0.0", "", { "dependencies": { "event-target-shim": "^5.0.0" } }, "sha512-h8lQ8tacZYnR3vNQTgibj+tODHI5/+l06Au2Pcriv/Gmet0eaj4TwWH41sO9wnHDiQsEj19q0drzdWdeAHtweg=="],

    "adze": ["adze@2.3.0", "", { "dependencies": { "@ungap/structured-clone": "1.2.0", "picocolors": "1.1.1" } }, "sha512-c5I7uXn5jZ075LbW0lhkmllq4OLQsLHbEV63MbykOQr/VPIOdTgbxGH4QoXHqakAUO3rUSEmURd5eM9GgpJB6g=="],

    "binary-version": ["binary-version@7.1.0", "", { "dependencies": { "execa": "^8.0.1", "find-versions": "^6.0.0" } }, "sha512-Iy//vPc3ANPNlIWd242Npqc8MK0a/i4kVcHDlDA6HNMv5zMxz4ulIFhOSYJVKw/8AbHdHy0CnGYEt1QqSXxPsw=="],

    "binary-version-check": ["binary-version-check@6.1.0", "", { "dependencies": { "binary-version": "^7.1.0", "semver": "^7.6.0", "semver-truncate": "^3.0.0" } }, "sha512-REKdLKmuViV2WrtWXvNSiPX04KbIjfUV3Cy8batUeOg+FtmowavzJorfFhWq95cVJzINnL/44ixP26TrdJZACA=="],

    "bun-types": ["bun-types@1.3.14", "", { "dependencies": { "@types/node": "*" } }, "sha512-4N0ig0fEomHt5R0KCFWjovxow98rIoRwKolrYdCcknNwMekCXRnWEUvgu5soYV8QXtVsrUD8B95MBOZGPvr6KQ=="],

    "convert-hrtime": ["convert-hrtime@5.0.0", "", {}, "sha512-lOETlkIeYSJWcbbcvjRKGxVMXJR+8+OQb/mTPbA4ObPMytYIsUbuOE0Jzy60hjARYszq1id0j8KgVhC+WGZVTg=="],

    "cross-spawn": ["cross-spawn@7.0.6", "", { "dependencies": { "path-key": "^3.1.0", "shebang-command": "^2.0.0", "which": "^2.0.1" } }, "sha512-uV2QOWP2nWzsy2aMp8aRibhi9dlzF5Hgh5SHaB9OiTGEyDTiJJyx0uy51QXdyWbtAHNua4XJzUKca3OzKUd3vA=="],

    "dargs": ["dargs@7.0.0", "", {}, "sha512-2iy1EkLdlBzQGvbweYRFxmFath8+K7+AKB0TlhHWkNuH+TmovaMH/Wp7V7R4u7f4SnX3OgLsU9t1NI9ioDnUpg=="],

    "debug": ["debug@4.4.3", "", { "dependencies": { "ms": "^2.1.3" } }, "sha512-RGwwWnwQvkVfavKVt22FGLw+xYSdzARwm0ru6DhTVA3umU5hZc28V3kO4stgYryrTlLpuvgI9GiijltAjNbcqA=="],

    "debug-logfmt": ["debug-logfmt@1.4.7", "", { "dependencies": { "@kikobeats/time-span": "~1.0.5", "null-prototype-object": "~1.2.2", "pretty-ms": "~7.0.1" } }, "sha512-NzGmPp2Fru8KerWcg4zfiPCC1rspLUPqfH5Duz/ZF49CqO97odSx7eFjBNiOQzNQYfvpEEPrxNjyA436lITQkQ=="],

    "event-target-shim": ["event-target-shim@5.0.1", "", {}, "sha512-i/2XbnSz/uxRCU6+NdVJgKWDTM427+MqYbkQzD321DuCQJUqOuJKIA0IM2+W2xtYHdKOmZ4dR6fExsd4SXL+WQ=="],

    "execa": ["execa@8.0.1", "", { "dependencies": { "cross-spawn": "^7.0.3", "get-stream": "^8.0.1", "human-signals": "^5.0.0", "is-stream": "^3.0.0", "merge-stream": "^2.0.0", "npm-run-path": "^5.1.0", "onetime": "^6.0.0", "signal-exit": "^4.1.0", "strip-final-newline": "^3.0.0" } }, "sha512-VyhnebXciFV2DESc+p6B+y0LjSm0krU4OgJN44qFAhBY0TJ+1V61tYD2+wHusZ6F9n5K+vl8k0sTy7PEfV4qpg=="],

    "find-versions": ["find-versions@6.0.0", "", { "dependencies": { "semver-regex": "^4.0.5", "super-regex": "^1.0.0" } }, "sha512-2kCCtc+JvcZ86IGAz3Z2Y0A1baIz9fL31pH/0S1IqZr9Iwnjq8izfPtrCyQKO6TLMPELLsQMre7VDqeIKCsHkA=="],

    "function-timeout": ["function-timeout@1.0.2", "", {}, "sha512-939eZS4gJ3htTHAldmyyuzlrD58P03fHG49v2JfFXbV6OhvZKRC9j2yAtdHw/zrp2zXHuv05zMIy40F0ge7spA=="],

    "get-stream": ["get-stream@8.0.1", "", {}, "sha512-VaUJspBffn/LMCJVoMvSAdmscJyS1auj5Zulnn5UoYcY531UWmdwhRWkcGKnGU93m5HSXP9LP2usOryrBtQowA=="],

    "grammy": ["grammy@1.44.0", "", { "dependencies": { "@grammyjs/types": "3.28.0", "abort-controller": "^3.0.0", "debug": "^4.4.3", "node-fetch": "^2.7.0" } }, "sha512-gGVykS5+c5f1tPV97LuU6IDRMawE2NzpwM9pNz58HQ35IZXDnYL3VOLvNzYognPSeBIOSzQXRu5w96V0aY8y8A=="],

    "human-signals": ["human-signals@5.0.0", "", {}, "sha512-AXcZb6vzzrFAUE61HnN4mpLqd/cSIwNQjtNWR0euPm6y0iqx3G4gOXaIDdtdDwZmhwe82LA6+zinmW4UBWVePQ=="],

    "is-stream": ["is-stream@3.0.0", "", {}, "sha512-LnQR4bZ9IADDRSkvpqMGvt/tEJWclzklNgSw48V5EAaAeDd6qGvN8ei6k5p0tvxSR171VmGyHuTiAOfxAbr8kA=="],

    "is-unix": ["is-unix@2.0.10", "", {}, "sha512-CcasZSEOQUoE7JHy56se4wyRhdJfjohuMWYmceSTaDY4naKyd1fpLiY8rJsIT6AKfVstQAhHJOfPx7jcUxK61Q=="],

    "isexe": ["isexe@2.0.0", "", {}, "sha512-RHxMLp9lnKHGHRng9QFhRCMbYAcVpn69smSGcq3f36xjgVVWThj4qqLbTLlq7Ssj8B+fIQ1EuCEGI2lKsyQeIw=="],

    "merge-stream": ["merge-stream@2.0.0", "", {}, "sha512-abv/qOcuPfk3URPfDzmZU1LKmuw8kT+0nIHvKrKgFrwifol/doWcdA4ZqsWQ8ENrFKkd67Mfpo/LovbIUsbt3w=="],

    "mime-db": ["mime-db@1.25.0", "", {}, "sha512-5k547tI4Cy+Lddr/hdjNbBEWBwSl8EBc5aSdKvedav8DReADgWJzcYiktaRIw3GtGC1jjwldXtTzvqJZmtvC7w=="],

    "mime-types": ["mime-types@2.1.13", "", { "dependencies": { "mime-db": "~1.25.0" } }, "sha512-ryBDp1Z/6X90UvjUK3RksH0IBPM137T7cmg4OgD5wQBojlAiUwuok0QeELkim/72EtcYuNlmbkrcGuxj3Kl0YQ=="],

    "mimic-fn": ["mimic-fn@4.0.0", "", {}, "sha512-vqiC06CuhBTUdZH+RYl8sFrL096vA45Ok5ISO6sE/Mr1jRbGH4Csnhi8f3wKVl7x8mO4Au7Ir9D3Oyv1VYMFJw=="],

    "ms": ["ms@2.1.3", "", {}, "sha512-6FlzubTLZG3J2a/NVCAleEhjzq5oxgHyaCU9yYXvcLsvoVaHJq/s5xXI6/XXP6tz7R9xAOtHnSO/tXtF3WRTlA=="],

    "node-fetch": ["node-fetch@2.7.0", "", { "dependencies": { "whatwg-url": "^5.0.0" }, "peerDependencies": { "encoding": "^0.1.0" }, "optionalPeers": ["encoding"] }, "sha512-c4FRfUm/dbcWZ7U+1Wq0AwCyFL+3nt2bEw05wfxSz+DWpWsitgmSgYmy2dQdWyKC1694ELPqMs/YzUSNozLt8A=="],

    "npm-run-path": ["npm-run-path@5.3.0", "", { "dependencies": { "path-key": "^4.0.0" } }, "sha512-ppwTtiJZq0O/ai0z7yfudtBpWIoxM8yE6nHi1X47eFR2EWORqfbu6CnPlNsjeN683eT0qG6H/Pyf9fCcvjnnnQ=="],

    "null-prototype-object": ["null-prototype-object@1.2.5", "", {}, "sha512-YAPMPwBVlXXmIx/eIHx/KwIL1Bsd8I+YHQdFpW0Ydvez6vu5Bx2CaP4GrEnH5c1huVWZD9MqEuFwAJoBMm5LJQ=="],

    "onetime": ["onetime@6.0.0", "", { "dependencies": { "mimic-fn": "^4.0.0" } }, "sha512-1FlR+gjXK7X+AsAHso35MnyN5KqGwJRi/31ft6x0M194ht7S+rWAvd7PHss9xSKMzE0asv1pyIHaJYq+BbacAQ=="],

    "oxfmt": ["oxfmt@0.58.0", "", { "dependencies": { "tinypool": "2.1.0" }, "optionalDependencies": { "@oxfmt/binding-android-arm-eabi": "0.58.0", "@oxfmt/binding-android-arm64": "0.58.0", "@oxfmt/binding-darwin-arm64": "0.58.0", "@oxfmt/binding-darwin-x64": "0.58.0", "@oxfmt/binding-freebsd-x64": "0.58.0", "@oxfmt/binding-linux-arm-gnueabihf": "0.58.0", "@oxfmt/binding-linux-arm-musleabihf": "0.58.0", "@oxfmt/binding-linux-arm64-gnu": "0.58.0", "@oxfmt/binding-linux-arm64-musl": "0.58.0", "@oxfmt/binding-linux-ppc64-gnu": "0.58.0", "@oxfmt/binding-linux-riscv64-gnu": "0.58.0", "@oxfmt/binding-linux-riscv64-musl": "0.58.0", "@oxfmt/binding-linux-s390x-gnu": "0.58.0", "@oxfmt/binding-linux-x64-gnu": "0.58.0", "@oxfmt/binding-linux-x64-musl": "0.58.0", "@oxfmt/binding-openharmony-arm64": "0.58.0", "@oxfmt/binding-win32-arm64-msvc": "0.58.0", "@oxfmt/binding-win32-ia32-msvc": "0.58.0", "@oxfmt/binding-win32-x64-msvc": "0.58.0" }, "peerDependencies": { "svelte": "^5.0.0", "vite-plus": "*" }, "optionalPeers": ["svelte", "vite-plus"], "bin": { "oxfmt": "bin/oxfmt" } }, "sha512-8feG/7NVEHDVwc1OUpP6Pks+TnaDFUw2jLLFIMi5bcmmwxAX2wBQvjSzj62RRTYBf2Op1Wt8xbkmagmPTR5ETg=="],

    "oxlint": ["oxlint@1.75.0", "", { "optionalDependencies": { "@oxlint/binding-android-arm-eabi": "1.75.0", "@oxlint/binding-android-arm64": "1.75.0", "@oxlint/binding-darwin-arm64": "1.75.0", "@oxlint/binding-darwin-x64": "1.75.0", "@oxlint/binding-freebsd-x64": "1.75.0", "@oxlint/binding-linux-arm-gnueabihf": "1.75.0", "@oxlint/binding-linux-arm-musleabihf": "1.75.0", "@oxlint/binding-linux-arm64-gnu": "1.75.0", "@oxlint/binding-linux-arm64-musl": "1.75.0", "@oxlint/binding-linux-ppc64-gnu": "1.75.0", "@oxlint/binding-linux-riscv64-gnu": "1.75.0", "@oxlint/binding-linux-riscv64-musl": "1.75.0", "@oxlint/binding-linux-s390x-gnu": "1.75.0", "@oxlint/binding-linux-x64-gnu": "1.75.0", "@oxlint/binding-linux-x64-musl": "1.75.0", "@oxlint/binding-openharmony-arm64": "1.75.0", "@oxlint/binding-win32-arm64-msvc": "1.75.0", "@oxlint/binding-win32-ia32-msvc": "1.75.0", "@oxlint/binding-win32-x64-msvc": "1.75.0" }, "peerDependencies": { "oxlint-tsgolint": ">=7.0.2001", "vite-plus": "*" }, "optionalPeers": ["oxlint-tsgolint", "vite-plus"], "bin": { "oxlint": "bin/oxlint" } }, "sha512-m9WzjRcRYA/uqIZDa9tclrieoPJ/ln1QYTKdFx6NUOs8uY5DiHlIwRQoCrHT6OM6O3ww3l2skY5gO7G7ZphE7g=="],

    "parse-ms": ["parse-ms@2.1.0", "", {}, "sha512-kHt7kzLoS9VBZfUsiKjv43mr91ea+U05EyKkEtqp7vNbHxmaVuEqN7XxeEVnGrMtYOAxGrDElSi96K7EgO1zCA=="],

    "path-key": ["path-key@3.1.1", "", {}, "sha512-ojmeN0qd+y0jszEtoY48r0Peq5dwMEkIlCOu6Q5f41lfkswXuKtYrhgoTpLnyIcHm24Uhqx+5Tqm2InSwLhE6Q=="],

    "picocolors": ["picocolors@1.1.1", "", {}, "sha512-xceH2snhtb5M9liqDsmEw56le376mTZkEX/jEb/RxNFyegNul7eNslCXP9FDj/Lcu0X8KEyMceP2ntpaHrDEVA=="],

    "podcast": ["podcast@2.0.1", "", { "dependencies": { "rss": "^1.2.2" } }, "sha512-TWXe/zVziwJNksAn7RLkSre+Z6VQgbs/+gC7qQCKdkyw0hv2hdFGOY9rHgKqa4LI+UP+yZBa6Wr+b9a9vrYDYQ=="],

    "pretty-ms": ["pretty-ms@7.0.1", "", { "dependencies": { "parse-ms": "^2.1.0" } }, "sha512-973driJZvxiGOQ5ONsFhOF/DtzPMOMtgC11kCpUrPGMTgqp2q/1gwzCquocrN33is0VZ5GFHXZYMM9l6h67v2Q=="],

    "rss": ["rss@1.2.2", "", { "dependencies": { "mime-types": "2.1.13", "xml": "1.0.1" } }, "sha512-xUhRTgslHeCBeHAqaWSbOYTydN2f0tAzNXvzh3stjz7QDhQMzdgHf3pfgNIngeytQflrFPfy6axHilTETr6gDg=="],

    "semver": ["semver@7.7.2", "", { "bin": { "semver": "bin/semver.js" } }, "sha512-RF0Fw+rO5AMf9MAyaRXI4AV0Ulj5lMHqVxxdSgiVbixSCXoEmmX/jk0CuJw4+3SqroYO9VoUh+HcuJivvtJemA=="],

    "semver-regex": ["semver-regex@4.0.5", "", {}, "sha512-hunMQrEy1T6Jr2uEVjrAIqjwWcQTgOAcIM52C8MY1EZSD3DDNft04XzvYKPqjED65bNVVko0YI38nYeEHCX3yw=="],

    "semver-truncate": ["semver-truncate@3.0.0", "", { "dependencies": { "semver": "^7.3.5" } }, "sha512-LJWA9kSvMolR51oDE6PN3kALBNaUdkxzAGcexw8gjMA8xr5zUqK0JiR3CgARSqanYF3Z1YHvsErb1KDgh+v7Rg=="],

    "shebang-command": ["shebang-command@2.0.0", "", { "dependencies": { "shebang-regex": "^3.0.0" } }, "sha512-kHxr2zZpYtdmrN1qDjrrX/Z1rR1kG8Dx+gkpK1G4eXmvXswmcE1hTWBWYUzlraYw1/yZp6YuDY77YtvbN0dmDA=="],

    "shebang-regex": ["shebang-regex@3.0.0", "", {}, "sha512-7++dFhtcx3353uBaq8DDR4NuxBetBzC7ZQOhmTQInHEd6bSrXdiEyzCvG07Z44UYdLShWUyXt5M/yhz8ekcb1A=="],

    "signal-exit": ["signal-exit@4.1.0", "", {}, "sha512-bzyZ1e88w9O1iNJbKnOlvYTrWPDl46O1bG0D3XInv+9tkPrxrN8jUUTiFlDkkmKWgn1M6CfIA13SuGqOa9Korw=="],

    "strip-final-newline": ["strip-final-newline@3.0.0", "", {}, "sha512-dOESqjYr96iWYylGObzd39EuNTa5VJxyvVAEm5Jnh7KGo75V43Hk1odPQkNDyXNmUR6k+gEiDVXnjB8HJ3crXw=="],

    "super-regex": ["super-regex@1.0.0", "", { "dependencies": { "function-timeout": "^1.0.1", "time-span": "^5.1.0" } }, "sha512-CY8u7DtbvucKuquCmOFEKhr9Besln7n9uN8eFbwcoGYWXOMW07u2o8njWaiXt11ylS3qoGF55pILjRmPlbodyg=="],

    "time-span": ["time-span@5.1.0", "", { "dependencies": { "convert-hrtime": "^5.0.0" } }, "sha512-75voc/9G4rDIJleOo4jPvN4/YC4GRZrY8yy1uU4lwrB3XEQbWve8zXoO5No4eFrGcTAMYyoY67p8jRQdtA1HbA=="],

    "tinypool": ["tinypool@2.1.0", "", {}, "sha512-Pugqs6M0m7Lv1I7FtxN4aoyToKg1C4tu+/381vH35y8oENM/Ai7f7C4StcoK4/+BSw9ebcS8jRiVrORFKCALLw=="],

    "tinyspawn": ["tinyspawn@1.5.1", "", {}, "sha512-z/juCugG0RSq2YwZ0XLZVCBkjHDhJmNZqaXNDKCa9VFlsUsmB1rFrhCXkzTe/JUrm0gk/Jpo7sBRjZ+8UKNwhg=="],

    "tr46": ["tr46@0.0.3", "", {}, "sha512-N3WMsuqV66lT30CrXNbEjx4GEwlow3v6rr4mCcv6prnfwhS01rkgyFdjPNBYd9br7LpXV1+Emh01fHnq2Gdgrw=="],

    "typescript": ["typescript@5.9.3", "", { "bin": { "tsc": "bin/tsc", "tsserver": "bin/tsserver" } }, "sha512-jl1vZzPDinLr9eUt3J/t7V6FgNEw9QjvBPdysz9KfQDD41fQrC2Y4vKQdiaUpFT4bXlb1RHhLpp8wtm6M5TgSw=="],

    "undici-types": ["undici-types@7.8.0", "", {}, "sha512-9UJ2xGDvQ43tYyVMpuHlsgApydB8ZKfVYTsLDhXkFL/6gfkp+U8xTGdh8pMJv1SpZna0zxG1DwsKZsreLbXBxw=="],

    "webidl-conversions": ["webidl-conversions@3.0.1", "", {}, "sha512-2JAn3z8AR6rjK8Sm8orRC0h/bcl/DqL7tRPdGZ4I1CjdF+EaMLmYxBHyXuKL849eucPFhvBoxMsflfOb8kxaeQ=="],

    "whatwg-url": ["whatwg-url@5.0.0", "", { "dependencies": { "tr46": "~0.0.3", "webidl-conversions": "^3.0.0" } }, "sha512-saE57nupxk6v3HY35+jzBwYa0rKSy0XR8JSxZPwgLr7ys0IBzhGviA1/TUGJLmSVqs8pb9AnvICXEuOHLprYTw=="],

    "which": ["which@2.0.2", "", { "dependencies": { "isexe": "^2.0.0" }, "bin": { "node-which": "./bin/node-which" } }, "sha512-BLI3Tl1TW3Pvl70l3yq3Y64i+awpwXqsGBYWkkqMtnbXgrMD+yj7rhW0kuEDxzJaYXGjEW5ogapKNMEKNMjibA=="],

    "xml": ["xml@1.0.1", "", {}, "sha512-huCv9IH9Tcf95zuYCsQraZtWnJvBtLVE0QHMOs8bWyZAFZNDcYjsPq1nEx8jKA9y+Beo9v+7OBPRisQTjinQMw=="],

    "youtube-dl-exec": ["youtube-dl-exec@3.1.9", "", { "dependencies": { "binary-version-check": "~6.1.0", "dargs": "~7.0.0", "debug-logfmt": "~1.4.0", "is-unix": "~2.0.10", "tinyspawn": "~1.5.0" } }, "sha512-dRmSvXvsxfkGQy5qzX6dFV6jRK3pReBgBHOkTZw82VxB8lk3aua3HwQZHihY6J9a51sX/+z+D3QCQ9Rq6BU28g=="],

    "npm-run-path/path-key": ["path-key@4.0.0", "", {}, "sha512-haREypq7xkM7ErfgIyA0z+Bj4AGKlMSdlQE2jvJo6huWD1EdkKYV+G/T4nq0YEF2vgTT8kqMFKo1uHn950r4SQ=="],
  }
}
