{
  "lockfileVersion": 1,
  "configVersion": 0,
  "workspaces": {
    "": {
      "name": "youtube2rss",
      "dependencies": {
        "adze": "^2.3.0",
        "grammy": "^1.40.0",
        "podcast": "^2.0.1",
        "youtube-dl-exec": "^3.0.30",
      },
      "devDependencies": {
        "@libs/xml": "npm:@jsr/libs__xml",
        "@types/bun": "^1.3.8",
        "oxfmt": "^0.32.0",
        "oxlint": "^1.47.0",
      },
      "peerDependencies": {
        "typescript": "^5.9.3",
      },
    },
  },
  "trustedDependencies": [
    "youtube-dl-exec",
  ],
  "packages": {
    "@grammyjs/types": ["@grammyjs/types@3.24.0", "", {}, "sha512-qQIEs4lN5WqUdr4aT8MeU6UFpMbGYAvcvYSW1A4OO1PABGJQHz/KLON6qvpf+5RxaNDQBxiY2k2otIhg/AG7RQ=="],

    "@kikobeats/time-span": ["@kikobeats/time-span@1.0.6", "", {}, "sha512-GZS6SI1o5NWHEOpCa4CpofOkfitR4xjRY3ZwAm85VQIXTPtYvUv9bDI9qRvlgNUX04kWhC3LxnNjM1jwD4h0aA=="],

    "@libs/xml": ["@jsr/libs__xml@7.0.3", "https://npm.jsr.io/~/11/@jsr/libs__xml/7.0.3.tgz", {}, "sha512-YgyAY+fh7anstxQl5Je5qiqrpoyDcueZN8F24jlFFCEKKB+2wuzbWdLCdCt2RRXTTNJ/SDv6w+jgWpdF/f73/w=="],

    "@oxfmt/binding-android-arm-eabi": ["@oxfmt/binding-android-arm-eabi@0.32.0", "", { "os": "android", "cpu": "arm" }, "sha512-DpVyuVzgLH6/MvuB/YD3vXO9CN/o9EdRpA0zXwe/tagP6yfVSFkFWkPqTROdqp0mlzLH5Yl+/m+hOrcM601EbA=="],

    "@oxfmt/binding-android-arm64": ["@oxfmt/binding-android-arm64@0.32.0", "", { "os": "android", "cpu": "arm64" }, "sha512-w1cmNXf9zs0vKLuNgyUF3hZ9VUAS1hBmQGndYJv1OmcVqStBtRTRNxSWkWM0TMkrA9UbvIvM9gfN+ib4Wy6lkQ=="],

    "@oxfmt/binding-darwin-arm64": ["@oxfmt/binding-darwin-arm64@0.32.0", "", { "os": "darwin", "cpu": "arm64" }, "sha512-m6wQojz/hn94XdZugFPtdFbOvXbOSYEqPsR2gyLyID3BvcrC2QsJyT1o3gb4BZEGtZrG1NiKVGwDRLM0dHd2mg=="],

    "@oxfmt/binding-darwin-x64": ["@oxfmt/binding-darwin-x64@0.32.0", "", { "os": "darwin", "cpu": "x64" }, "sha512-hN966Uh6r3Erkg2MvRcrJWaB6QpBzP15rxWK/QtkUyD47eItJLsAQ2Hrm88zMIpFZ3COXZLuN3hqgSlUtvB0Xw=="],

    "@oxfmt/binding-freebsd-x64": ["@oxfmt/binding-freebsd-x64@0.32.0", "", { "os": "freebsd", "cpu": "x64" }, "sha512-g5UZPGt8tJj263OfSiDGdS54HPa0KgFfspLVAUivVSdoOgsk6DkwVS9nO16xQTDztzBPGxTvrby8WuufF0g86Q=="],

    "@oxfmt/binding-linux-arm-gnueabihf": ["@oxfmt/binding-linux-arm-gnueabihf@0.32.0", "", { "os": "linux", "cpu": "arm" }, "sha512-F4ZY83/PVQo9ZJhtzoMqbmjqEyTVEZjbaw4x1RhzdfUhddB41ZB2Vrt4eZi7b4a4TP85gjPRHgQBeO0c1jbtaw=="],

    "@oxfmt/binding-linux-arm-musleabihf": ["@oxfmt/binding-linux-arm-musleabihf@0.32.0", "", { "os": "linux", "cpu": "arm" }, "sha512-olR37eG16Lzdj9OBSvuoT5RxzgM5xfQEHm1OEjB3M7Wm4KWa5TDWIT13Aiy74GvAN77Hq1+kUKcGVJ/0ynf75g=="],

    "@oxfmt/binding-linux-arm64-gnu": ["@oxfmt/binding-linux-arm64-gnu@0.32.0", "", { "os": "linux", "cpu": "arm64" }, "sha512-eZhk6AIjRCDeLoXYBhMW7qq/R1YyVi+tGnGfc3kp7AZQrMsFaWtP/bgdCJCTNXMpbMwymtVz0qhSQvR5w2sKcg=="],

    "@oxfmt/binding-linux-arm64-musl": ["@oxfmt/binding-linux-arm64-musl@0.32.0", "", { "os": "linux", "cpu": "arm64" }, "sha512-UYiqO9MlipntFbdbUKOIo84vuyzrK4TVIs7Etat91WNMFSW54F6OnHq08xa5ZM+K9+cyYMgQPXvYCopuP+LyKw=="],

    "@oxfmt/binding-linux-ppc64-gnu": ["@oxfmt/binding-linux-ppc64-gnu@0.32.0", "", { "os": "linux", "cpu": "ppc64" }, "sha512-IDH/fxMv+HmKsMtsjEbXqhScCKDIYp38sgGEcn0QKeXMxrda67PPZA7HMfoUwEtFUG+jsO1XJxTrQsL+kQ90xQ=="],

    "@oxfmt/binding-linux-riscv64-gnu": ["@oxfmt/binding-linux-riscv64-gnu@0.32.0", "", { "os": "linux", "cpu": "none" }, "sha512-bQFGPDa0buYWJFeK2I7ah8wRZjrAgamaG2OAGv+Ua5UMYEnHxmHcv+r8lWUUrwP2oqQGvp1SB8JIVtBbYuAueQ=="],

    "@oxfmt/binding-linux-riscv64-musl": ["@oxfmt/binding-linux-riscv64-musl@0.32.0", "", { "os": "linux", "cpu": "none" }, "sha512-3vFp9DW1ItEKWltADzCFqG5N7rYFToT4ztlhg8wALoo2E2VhveLD88uAF4FF9AxD9NhgHDGmPCV+WZl/Qlj8cQ=="],

    "@oxfmt/binding-linux-s390x-gnu": ["@oxfmt/binding-linux-s390x-gnu@0.32.0", "", { "os": "linux", "cpu": "s390x" }, "sha512-Fub2y8S9ImuPzAzpbgkoz/EVTWFFBolxFZYCMRhRZc8cJZI2gl/NlZswqhvJd/U0Jopnwgm/OJ2x128vVzFFWA=="],

    "@oxfmt/binding-linux-x64-gnu": ["@oxfmt/binding-linux-x64-gnu@0.32.0", "", { "os": "linux", "cpu": "x64" }, "sha512-XufwsnV3BF81zO2ofZvhT4FFaMmLTzZEZnC9HpFz/quPeg9C948+kbLlZnsfjmp+1dUxKMCpfmRMqOfF4AOLsA=="],

    "@oxfmt/binding-linux-x64-musl": ["@oxfmt/binding-linux-x64-musl@0.32.0", "", { "os": "linux", "cpu": "x64" }, "sha512-u2f9tC2qYfikKmA2uGpnEJgManwmk0ZXWs5BB4ga4KDu2JNLdA3i634DGHeMLK9wY9+iRf3t7IYpgN3OVFrvDw=="],

    "@oxfmt/binding-openharmony-arm64": ["@oxfmt/binding-openharmony-arm64@0.32.0", "", { "os": "none", "cpu": "arm64" }, "sha512-5ZXb1wrdbZ1YFXuNXNUCePLlmLDy4sUt4evvzD4Cgumbup5wJgS9PIe5BOaLywUg9f1wTH6lwltj3oT7dFpIGA=="],

    "@oxfmt/binding-win32-arm64-msvc": ["@oxfmt/binding-win32-arm64-msvc@0.32.0", "", { "os": "win32", "cpu": "arm64" }, "sha512-IGSMm/Agq+IA0++aeAV/AGPfjcBdjrsajB5YpM3j7cMcwoYgUTi/k2YwAmsHH3ueZUE98pSM/Ise2J7HtyRjOA=="],

    "@oxfmt/binding-win32-ia32-msvc": ["@oxfmt/binding-win32-ia32-msvc@0.32.0", "", { "os": "win32", "cpu": "ia32" }, "sha512-H/9gsuqXmceWMsVoCPZhtJG2jLbnBeKr7xAXm2zuKpxLVF7/2n0eh7ocOLB6t+L1ARE76iORuUsRMnuGjj8FjQ=="],

    "@oxfmt/binding-win32-x64-msvc": ["@oxfmt/binding-win32-x64-msvc@0.32.0", "", { "os": "win32", "cpu": "x64" }, "sha512-fF8VIOeligq+mA6KfKvWtFRXbf0EFy73TdR6ZnNejdJRM8VWN1e3QFhYgIwD7O8jBrQsd7EJbUpkAr/YlUOokg=="],

    "@oxlint/binding-android-arm-eabi": ["@oxlint/binding-android-arm-eabi@1.47.0", "", { "os": "android", "cpu": "arm" }, "sha512-UHqo3te9K/fh29brCuQdHjN+kfpIi9cnTPABuD5S9wb9ykXYRGTOOMVuSV/CK43sOhU4wwb2nT1RVjcbrrQjFw=="],

    "@oxlint/binding-android-arm64": ["@oxlint/binding-android-arm64@1.47.0", "", { "os": "android", "cpu": "arm64" }, "sha512-xh02lsTF1TAkR+SZrRMYHR/xCx8Wg2MAHxJNdHVpAKELh9/yE9h4LJeqAOBbIb3YYn8o/D97U9VmkvkfJfrHfw=="],

    "@oxlint/binding-darwin-arm64": ["@oxlint/binding-darwin-arm64@1.47.0", "", { "os": "darwin", "cpu": "arm64" }, "sha512-OSOfNJqabOYbkyQDGT5pdoL+05qgyrmlQrvtCO58M4iKGEQ/xf3XkkKj7ws+hO+k8Y4VF4zGlBsJlwqy7qBcHA=="],

    "@oxlint/binding-darwin-x64": ["@oxlint/binding-darwin-x64@1.47.0", "", { "os": "darwin", "cpu": "x64" }, "sha512-hP2bOI4IWNS+F6pVXWtRshSTuJ1qCRZgDgVUg6EBUqsRy+ExkEPJkx+YmIuxgdCduYK1LKptLNFuQLJP8voPbQ=="],

    "@oxlint/binding-freebsd-x64": ["@oxlint/binding-freebsd-x64@1.47.0", "", { "os": "freebsd", "cpu": "x64" }, "sha512-F55jIEH5xmGu7S661Uho8vGiLFk0bY3A/g4J8CTKiLJnYu/PSMZ2WxFoy5Hji6qvFuujrrM9Q8XXbMO0fKOYPg=="],

    "@oxlint/binding-linux-arm-gnueabihf": ["@oxlint/binding-linux-arm-gnueabihf@1.47.0", "", { "os": "linux", "cpu": "arm" }, "sha512-wxmOn/wns/WKPXUC1fo5mu9pMZPVOu8hsynaVDrgmmXMdHKS7on6bA5cPauFFN9tJXNdsjW26AK9lpfu3IfHBQ=="],

    "@oxlint/binding-linux-arm-musleabihf": ["@oxlint/binding-linux-arm-musleabihf@1.47.0", "", { "os": "linux", "cpu": "arm" }, "sha512-KJTmVIA/GqRlM2K+ZROH30VMdydEU7bDTY35fNg3tOPzQRIs2deLZlY/9JWwdWo1F/9mIYmpbdCmPqtKhWNOPg=="],

    "@oxlint/binding-linux-arm64-gnu": ["@oxlint/binding-linux-arm64-gnu@1.47.0", "", { "os": "linux", "cpu": "arm64" }, "sha512-PF7ELcFg1GVlS0X0ZB6aWiXobjLrAKer3T8YEkwIoO8RwWiAMkL3n3gbleg895BuZkHVlJ2kPRUwfrhHrVkD1A=="],

    "@oxlint/binding-linux-arm64-musl": ["@oxlint/binding-linux-arm64-musl@1.47.0", "", { "os": "linux", "cpu": "arm64" }, "sha512-4BezLRO5cu0asf0Jp1gkrnn2OHiXrPPPEfBTxq1k5/yJ2zdGGTmZxHD2KF2voR23wb8Elyu3iQawXo7wvIZq0Q=="],

    "@oxlint/binding-linux-ppc64-gnu": ["@oxlint/binding-linux-ppc64-gnu@1.47.0", "", { "os": "linux", "cpu": "ppc64" }, "sha512-aI5ds9jq2CPDOvjeapiIj48T/vlWp+f4prkxs+FVzrmVN9BWIj0eqeJ/hV8WgXg79HVMIz9PU6deI2ki09bR1w=="],

    "@oxlint/binding-linux-riscv64-gnu": ["@oxlint/binding-linux-riscv64-gnu@1.47.0", "", { "os": "linux", "cpu": "none" }, "sha512-mO7ycp9Elvgt5EdGkQHCwJA6878xvo9tk+vlMfT1qg++UjvOMB8INsOCQIOH2IKErF/8/P21LULkdIrocMw9xA=="],

    "@oxlint/binding-linux-riscv64-musl": ["@oxlint/binding-linux-riscv64-musl@1.47.0", "", { "os": "linux", "cpu": "none" }, "sha512-24D0wsYT/7hDFn3Ow32m3/+QT/1ZwrUhShx4/wRDAmz11GQHOZ1k+/HBuK/MflebdnalmXWITcPEy4BWTi7TCA=="],

    "@oxlint/binding-linux-s390x-gnu": ["@oxlint/binding-linux-s390x-gnu@1.47.0", "", { "os": "linux", "cpu": "s390x" }, "sha512-8tPzPne882mtML/uy3mApvdCyuVOpthJ7xUv3b67gVfz63hOOM/bwO0cysSkPyYYFDFRn6/FnUb7Jhmsesntvg=="],

    "@oxlint/binding-linux-x64-gnu": ["@oxlint/binding-linux-x64-gnu@1.47.0", "", { "os": "linux", "cpu": "x64" }, "sha512-q58pIyGIzeffEBhEgbRxLFHmHfV9m7g1RnkLiahQuEvyjKNiJcvdHOwKH2BdgZxdzc99Cs6hF5xTa86X40WzPw=="],

    "@oxlint/binding-linux-x64-musl": ["@oxlint/binding-linux-x64-musl@1.47.0", "", { "os": "linux", "cpu": "x64" }, "sha512-e7DiLZtETZUCwTa4EEHg9G+7g3pY+afCWXvSeMG7m0TQ29UHHxMARPaEQUE4mfKgSqIWnJaUk2iZzRPMRdga5g=="],

    "@oxlint/binding-openharmony-arm64": ["@oxlint/binding-openharmony-arm64@1.47.0", "", { "os": "none", "cpu": "arm64" }, "sha512-3AFPfQ0WKMleT/bKd7zsks3xoawtZA6E/wKf0DjwysH7wUiMMJkNKXOzYq1R/00G98JFgSU1AkrlOQrSdNNhlg=="],

    "@oxlint/binding-win32-arm64-msvc": ["@oxlint/binding-win32-arm64-msvc@1.47.0", "", { "os": "win32", "cpu": "arm64" }, "sha512-cLMVVM6TBxp+N7FldQJ2GQnkcLYEPGgiuEaXdvhgvSgODBk9ov3jed+khIXSAWtnFOW0wOnG3RjwqPh0rCuheA=="],

    "@oxlint/binding-win32-ia32-msvc": ["@oxlint/binding-win32-ia32-msvc@1.47.0", "", { "os": "win32", "cpu": "ia32" }, "sha512-VpFOSzvTnld77/Edje3ZdHgZWnlTb5nVWXyTgjD3/DKF/6t5bRRbwn3z77zOdnGy44xAMvbyAwDNOSeOdVUmRA=="],

    "@oxlint/binding-win32-x64-msvc": ["@oxlint/binding-win32-x64-msvc@1.47.0", "", { "os": "win32", "cpu": "x64" }, "sha512-+q8IWptxXx2HMTM6JluR67284t0h8X/oHJgqpxH1siowxPMqZeIpAcWCUq+tY+Rv2iQK8TUugjZnSBQAVV5CmA=="],

    "@types/bun": ["@types/bun@1.3.8", "", { "dependencies": { "bun-types": "1.3.8" } }, "sha512-3LvWJ2q5GerAXYxO2mffLTqOzEu5qnhEAlh48Vnu8WQfnmSwbgagjGZV6BoHKJztENYEDn6QmVd949W4uESRJA=="],

    "@types/node": ["@types/node@24.0.14", "", { "dependencies": { "undici-types": "~7.8.0" } }, "sha512-4zXMWD91vBLGRtHK3YbIoFMia+1nqEz72coM42C5ETjnNCa/heoj7NT1G67iAfOqMmcfhuCZ4uNpyz8EjlAejw=="],

    "@ungap/structured-clone": ["@ungap/structured-clone@1.2.0", "", {}, "sha512-zuVdFrMJiuCDQUMCzQaD6KL28MjnqqN8XnAqiEq9PNm/hCPTSGfrXCOfwj1ow4LFb/tNymJPwsNbVePc1xFqrQ=="],

    "abort-controller": ["abort-controller@3.0.0", "", { "dependencies": { "event-target-shim": "^5.0.0" } }, "sha512-h8lQ8tacZYnR3vNQTgibj+tODHI5/+l06Au2Pcriv/Gmet0eaj4TwWH41sO9wnHDiQsEj19q0drzdWdeAHtweg=="],

    "adze": ["adze@2.3.0", "", { "dependencies": { "@ungap/structured-clone": "1.2.0", "picocolors": "1.1.1" } }, "sha512-c5I7uXn5jZ075LbW0lhkmllq4OLQsLHbEV63MbykOQr/VPIOdTgbxGH4QoXHqakAUO3rUSEmURd5eM9GgpJB6g=="],

    "binary-version": ["binary-version@7.1.0", "", { "dependencies": { "execa": "^8.0.1", "find-versions": "^6.0.0" } }, "sha512-Iy//vPc3ANPNlIWd242Npqc8MK0a/i4kVcHDlDA6HNMv5zMxz4ulIFhOSYJVKw/8AbHdHy0CnGYEt1QqSXxPsw=="],

    "binary-version-check": ["binary-version-check@6.1.0", "", { "dependencies": { "binary-version": "^7.1.0", "semver": "^7.6.0", "semver-truncate": "^3.0.0" } }, "sha512-REKdLKmuViV2WrtWXvNSiPX04KbIjfUV3Cy8batUeOg+FtmowavzJorfFhWq95cVJzINnL/44ixP26TrdJZACA=="],

    "bun-types": ["bun-types@1.3.8", "", { "dependencies": { "@types/node": "*" } }, "sha512-fL99nxdOWvV4LqjmC+8Q9kW3M4QTtTR1eePs94v5ctGqU8OeceWrSUaRw3JYb7tU3FkMIAjkueehrHPPPGKi5Q=="],

    "convert-hrtime": ["convert-hrtime@5.0.0", "", {}, "sha512-lOETlkIeYSJWcbbcvjRKGxVMXJR+8+OQb/mTPbA4ObPMytYIsUbuOE0Jzy60hjARYszq1id0j8KgVhC+WGZVTg=="],

    "cross-spawn": ["cross-spawn@7.0.6", "", { "dependencies": { "path-key": "^3.1.0", "shebang-command": "^2.0.0", "which": "^2.0.1" } }, "sha512-uV2QOWP2nWzsy2aMp8aRibhi9dlzF5Hgh5SHaB9OiTGEyDTiJJyx0uy51QXdyWbtAHNua4XJzUKca3OzKUd3vA=="],

    "dargs": ["dargs@7.0.0", "", {}, "sha512-2iy1EkLdlBzQGvbweYRFxmFath8+K7+AKB0TlhHWkNuH+TmovaMH/Wp7V7R4u7f4SnX3OgLsU9t1NI9ioDnUpg=="],

    "debug": ["debug@4.4.3", "", { "dependencies": { "ms": "^2.1.3" } }, "sha512-RGwwWnwQvkVfavKVt22FGLw+xYSdzARwm0ru6DhTVA3umU5hZc28V3kO4stgYryrTlLpuvgI9GiijltAjNbcqA=="],

    "debug-logfmt": ["debug-logfmt@1.4.7", "", { "dependencies": { "@kikobeats/time-span": "~1.0.5", "null-prototype-object": "~1.2.2", "pretty-ms": "~7.0.1" } }, "sha512-NzGmPp2Fru8KerWcg4zfiPCC1rspLUPqfH5Duz/ZF49CqO97odSx7eFjBNiOQzNQYfvpEEPrxNjyA436lITQkQ=="],

    "event-target-shim": ["event-target-shim@5.0.1", "", {}, "sha512-i/2XbnSz/uxRCU6+NdVJgKWDTM427+MqYbkQzD321DuCQJUqOuJKIA0IM2+W2xtYHdKOmZ4dR6fExsd4SXL+WQ=="],

    "execa": ["execa@8.0.1", "", { "dependencies": { "cross-spawn": "^7.0.3", "get-stream": "^8.0.1", "human-signals": "^5.0.0", "is-stream": "^3.0.0", "merge-stream": "^2.0.0", "npm-run-path": "^5.1.0", "onetime": "^6.0.0", "signal-exit": "^4.1.0", "strip-final-newline": "^3.0.0" } }, "sha512-VyhnebXciFV2DESc+p6B+y0LjSm0krU4OgJN44qFAhBY0TJ+1V61tYD2+wHusZ6F9n5K+vl8k0sTy7PEfV4qpg=="],

    "find-versions": ["find-versions@6.0.0", "", { "dependencies": { "semver-regex": "^4.0.5", "super-regex": "^1.0.0" } }, "sha512-2kCCtc+JvcZ86IGAz3Z2Y0A1baIz9fL31pH/0S1IqZr9Iwnjq8izfPtrCyQKO6TLMPELLsQMre7VDqeIKCsHkA=="],

    "function-timeout": ["function-timeout@1.0.2", "", {}, "sha512-939eZS4gJ3htTHAldmyyuzlrD58P03fHG49v2JfFXbV6OhvZKRC9j2yAtdHw/zrp2zXHuv05zMIy40F0ge7spA=="],

    "get-stream": ["get-stream@8.0.1", "", {}, "sha512-VaUJspBffn/LMCJVoMvSAdmscJyS1auj5Zulnn5UoYcY531UWmdwhRWkcGKnGU93m5HSXP9LP2usOryrBtQowA=="],

    "grammy": ["grammy@1.40.0", "", { "dependencies": { "@grammyjs/types": "3.24.0", "abort-controller": "^3.0.0", "debug": "^4.4.3", "node-fetch": "^2.7.0" } }, "sha512-ssuE7fc1AwqlUxHr931OCVW3fU+oFDjHZGgvIedPKXfTdjXvzP19xifvVGCnPtYVUig1Kz+gwxe4A9M5WdkT4Q=="],

    "human-signals": ["human-signals@5.0.0", "", {}, "sha512-AXcZb6vzzrFAUE61HnN4mpLqd/cSIwNQjtNWR0euPm6y0iqx3G4gOXaIDdtdDwZmhwe82LA6+zinmW4UBWVePQ=="],

    "is-stream": ["is-stream@3.0.0", "", {}, "sha512-LnQR4bZ9IADDRSkvpqMGvt/tEJWclzklNgSw48V5EAaAeDd6qGvN8ei6k5p0tvxSR171VmGyHuTiAOfxAbr8kA=="],

    "is-unix": ["is-unix@2.0.10", "", {}, "sha512-CcasZSEOQUoE7JHy56se4wyRhdJfjohuMWYmceSTaDY4naKyd1fpLiY8rJsIT6AKfVstQAhHJOfPx7jcUxK61Q=="],

    "isexe": ["isexe@2.0.0", "", {}, "sha512-RHxMLp9lnKHGHRng9QFhRCMbYAcVpn69smSGcq3f36xjgVVWThj4qqLbTLlq7Ssj8B+fIQ1EuCEGI2lKsyQeIw=="],

    "merge-stream": ["merge-stream@2.0.0", "", {}, "sha512-abv/qOcuPfk3URPfDzmZU1LKmuw8kT+0nIHvKrKgFrwifol/doWcdA4ZqsWQ8ENrFKkd67Mfpo/LovbIUsbt3w=="],

    "mime-db": ["mime-db@1.25.0", "", {}, "sha512-5k547tI4Cy+Lddr/hdjNbBEWBwSl8EBc5aSdKvedav8DReADgWJzcYiktaRIw3GtGC1jjwldXtTzvqJZmtvC7w=="],

    "mime-types": ["mime-types@2.1.13", "", { "dependencies": { "mime-db": "~1.25.0" } }, "sha512-ryBDp1Z/6X90UvjUK3RksH0IBPM137T7cmg4OgD5wQBojlAiUwuok0QeELkim/72EtcYuNlmbkrcGuxj3Kl0YQ=="],

    "mimic-fn": ["mimic-fn@4.0.0", "", {}, "sha512-vqiC06CuhBTUdZH+RYl8sFrL096vA45Ok5ISO6sE/Mr1jRbGH4Csnhi8f3wKVl7x8mO4Au7Ir9D3Oyv1VYMFJw=="],

    "ms": ["ms@2.1.3", "", {}, "sha512-6FlzubTLZG3J2a/NVCAleEhjzq5oxgHyaCU9yYXvcLsvoVaHJq/s5xXI6/XXP6tz7R9xAOtHnSO/tXtF3WRTlA=="],

    "node-fetch": ["node-fetch@2.7.0", "", { "dependencies": { "whatwg-url": "^5.0.0" }, "peerDependencies": { "encoding": "^0.1.0" }, "optionalPeers": ["encoding"] }, "sha512-c4FRfUm/dbcWZ7U+1Wq0AwCyFL+3nt2bEw05wfxSz+DWpWsitgmSgYmy2dQdWyKC1694ELPqMs/YzUSNozLt8A=="],

    "npm-run-path": ["npm-run-path@5.3.0", "", { "dependencies": { "path-key": "^4.0.0" } }, "sha512-ppwTtiJZq0O/ai0z7yfudtBpWIoxM8yE6nHi1X47eFR2EWORqfbu6CnPlNsjeN683eT0qG6H/Pyf9fCcvjnnnQ=="],

    "null-prototype-object": ["null-prototype-object@1.2.5", "", {}, "sha512-YAPMPwBVlXXmIx/eIHx/KwIL1Bsd8I+YHQdFpW0Ydvez6vu5Bx2CaP4GrEnH5c1huVWZD9MqEuFwAJoBMm5LJQ=="],

    "onetime": ["onetime@6.0.0", "", { "dependencies": { "mimic-fn": "^4.0.0" } }, "sha512-1FlR+gjXK7X+AsAHso35MnyN5KqGwJRi/31ft6x0M194ht7S+rWAvd7PHss9xSKMzE0asv1pyIHaJYq+BbacAQ=="],

    "oxfmt": ["oxfmt@0.32.0", "", { "dependencies": { "tinypool": "2.1.0" }, "optionalDependencies": { "@oxfmt/binding-android-arm-eabi": "0.32.0", "@oxfmt/binding-android-arm64": "0.32.0", "@oxfmt/binding-darwin-arm64": "0.32.0", "@oxfmt/binding-darwin-x64": "0.32.0", "@oxfmt/binding-freebsd-x64": "0.32.0", "@oxfmt/binding-linux-arm-gnueabihf": "0.32.0", "@oxfmt/binding-linux-arm-musleabihf": "0.32.0", "@oxfmt/binding-linux-arm64-gnu": "0.32.0", "@oxfmt/binding-linux-arm64-musl": "0.32.0", "@oxfmt/binding-linux-ppc64-gnu": "0.32.0", "@oxfmt/binding-linux-riscv64-gnu": "0.32.0", "@oxfmt/binding-linux-riscv64-musl": "0.32.0", "@oxfmt/binding-linux-s390x-gnu": "0.32.0", "@oxfmt/binding-linux-x64-gnu": "0.32.0", "@oxfmt/binding-linux-x64-musl": "0.32.0", "@oxfmt/binding-openharmony-arm64": "0.32.0", "@oxfmt/binding-win32-arm64-msvc": "0.32.0", "@oxfmt/binding-win32-ia32-msvc": "0.32.0", "@oxfmt/binding-win32-x64-msvc": "0.32.0" }, "bin": { "oxfmt": "bin/oxfmt" } }, "sha512-KArQhGzt/Y8M1eSAX98Y8DLtGYYDQhkR55THUPY5VNcpFQ+9nRZkL3ULXhagHMD2hIvjy8JSeEQEP5/yYJSrLA=="],

    "oxlint": ["oxlint@1.47.0", "", { "optionalDependencies": { "@oxlint/binding-android-arm-eabi": "1.47.0", "@oxlint/binding-android-arm64": "1.47.0", "@oxlint/binding-darwin-arm64": "1.47.0", "@oxlint/binding-darwin-x64": "1.47.0", "@oxlint/binding-freebsd-x64": "1.47.0", "@oxlint/binding-linux-arm-gnueabihf": "1.47.0", "@oxlint/binding-linux-arm-musleabihf": "1.47.0", "@oxlint/binding-linux-arm64-gnu": "1.47.0", "@oxlint/binding-linux-arm64-musl": "1.47.0", "@oxlint/binding-linux-ppc64-gnu": "1.47.0", "@oxlint/binding-linux-riscv64-gnu": "1.47.0", "@oxlint/binding-linux-riscv64-musl": "1.47.0", "@oxlint/binding-linux-s390x-gnu": "1.47.0", "@oxlint/binding-linux-x64-gnu": "1.47.0", "@oxlint/binding-linux-x64-musl": "1.47.0", "@oxlint/binding-openharmony-arm64": "1.47.0", "@oxlint/binding-win32-arm64-msvc": "1.47.0", "@oxlint/binding-win32-ia32-msvc": "1.47.0", "@oxlint/binding-win32-x64-msvc": "1.47.0" }, "peerDependencies": { "oxlint-tsgolint": ">=0.11.2" }, "optionalPeers": ["oxlint-tsgolint"], "bin": { "oxlint": "bin/oxlint" } }, "sha512-v7xkK1iv1qdvTxJGclM97QzN8hHs5816AneFAQ0NGji1BMUquhiDAhXpMwp8+ls16uRVJtzVHxP9pAAXblDeGA=="],

    "parse-ms": ["parse-ms@2.1.0", "", {}, "sha512-kHt7kzLoS9VBZfUsiKjv43mr91ea+U05EyKkEtqp7vNbHxmaVuEqN7XxeEVnGrMtYOAxGrDElSi96K7EgO1zCA=="],

    "path-key": ["path-key@3.1.1", "", {}, "sha512-ojmeN0qd+y0jszEtoY48r0Peq5dwMEkIlCOu6Q5f41lfkswXuKtYrhgoTpLnyIcHm24Uhqx+5Tqm2InSwLhE6Q=="],

    "picocolors": ["picocolors@1.1.1", "", {}, "sha512-xceH2snhtb5M9liqDsmEw56le376mTZkEX/jEb/RxNFyegNul7eNslCXP9FDj/Lcu0X8KEyMceP2ntpaHrDEVA=="],

    "podcast": ["podcast@2.0.1", "", { "dependencies": { "rss": "^1.2.2" } }, "sha512-TWXe/zVziwJNksAn7RLkSre+Z6VQgbs/+gC7qQCKdkyw0hv2hdFGOY9rHgKqa4LI+UP+yZBa6Wr+b9a9vrYDYQ=="],

    "pretty-ms": ["pretty-ms@7.0.1", "", { "dependencies": { "parse-ms": "^2.1.0" } }, "sha512-973driJZvxiGOQ5ONsFhOF/DtzPMOMtgC11kCpUrPGMTgqp2q/1gwzCquocrN33is0VZ5GFHXZYMM9l6h67v2Q=="],

    "rss": ["rss@1.2.2", "", { "dependencies": { "mime-types": "2.1.13", "xml": "1.0.1" } }, "sha512-xUhRTgslHeCBeHAqaWSbOYTydN2f0tAzNXvzh3stjz7QDhQMzdgHf3pfgNIngeytQflrFPfy6axHilTETr6gDg=="],

    "semver": ["semver@7.7.2", "", { "bin": { "semver": "bin/semver.js" } }, "sha512-RF0Fw+rO5AMf9MAyaRXI4AV0Ulj5lMHqVxxdSgiVbixSCXoEmmX/jk0CuJw4+3SqroYO9VoUh+HcuJivvtJemA=="],

    "semver-regex": ["semver-regex@4.0.5", "", {}, "sha512-hunMQrEy1T6Jr2uEVjrAIqjwWcQTgOAcIM52C8MY1EZSD3DDNft04XzvYKPqjED65bNVVko0YI38nYeEHCX3yw=="],

    "semver-truncate": ["semver-truncate@3.0.0", "", { "dependencies": { "semver": "^7.3.5" } }, "sha512-LJWA9kSvMolR51oDE6PN3kALBNaUdkxzAGcexw8gjMA8xr5zUqK0JiR3CgARSqanYF3Z1YHvsErb1KDgh+v7Rg=="],

    "shebang-command": ["shebang-command@2.0.0", "", { "dependencies": { "shebang-regex": "^3.0.0" } }, "sha512-kHxr2zZpYtdmrN1qDjrrX/Z1rR1kG8Dx+gkpK1G4eXmvXswmcE1hTWBWYUzlraYw1/yZp6YuDY77YtvbN0dmDA=="],

    "shebang-regex": ["shebang-regex@3.0.0", "", {}, "sha512-7++dFhtcx3353uBaq8DDR4NuxBetBzC7ZQOhmTQInHEd6bSrXdiEyzCvG07Z44UYdLShWUyXt5M/yhz8ekcb1A=="],

    "signal-exit": ["signal-exit@4.1.0", "", {}, "sha512-bzyZ1e88w9O1iNJbKnOlvYTrWPDl46O1bG0D3XInv+9tkPrxrN8jUUTiFlDkkmKWgn1M6CfIA13SuGqOa9Korw=="],

    "strip-final-newline": ["strip-final-newline@3.0.0", "", {}, "sha512-dOESqjYr96iWYylGObzd39EuNTa5VJxyvVAEm5Jnh7KGo75V43Hk1odPQkNDyXNmUR6k+gEiDVXnjB8HJ3crXw=="],

    "super-regex": ["super-regex@1.0.0", "", { "dependencies": { "function-timeout": "^1.0.1", "time-span": "^5.1.0" } }, "sha512-CY8u7DtbvucKuquCmOFEKhr9Besln7n9uN8eFbwcoGYWXOMW07u2o8njWaiXt11ylS3qoGF55pILjRmPlbodyg=="],

    "time-span": ["time-span@5.1.0", "", { "dependencies": { "convert-hrtime": "^5.0.0" } }, "sha512-75voc/9G4rDIJleOo4jPvN4/YC4GRZrY8yy1uU4lwrB3XEQbWve8zXoO5No4eFrGcTAMYyoY67p8jRQdtA1HbA=="],

    "tinypool": ["tinypool@2.1.0", "", {}, "sha512-Pugqs6M0m7Lv1I7FtxN4aoyToKg1C4tu+/381vH35y8oENM/Ai7f7C4StcoK4/+BSw9ebcS8jRiVrORFKCALLw=="],

    "tinyspawn": ["tinyspawn@1.5.1", "", {}, "sha512-z/juCugG0RSq2YwZ0XLZVCBkjHDhJmNZqaXNDKCa9VFlsUsmB1rFrhCXkzTe/JUrm0gk/Jpo7sBRjZ+8UKNwhg=="],

    "tr46": ["tr46@0.0.3", "", {}, "sha512-N3WMsuqV66lT30CrXNbEjx4GEwlow3v6rr4mCcv6prnfwhS01rkgyFdjPNBYd9br7LpXV1+Emh01fHnq2Gdgrw=="],

    "typescript": ["typescript@5.8.3", "", { "bin": { "tsc": "bin/tsc", "tsserver": "bin/tsserver" } }, "sha512-p1diW6TqL9L07nNxvRMM7hMMw4c5XOo/1ibL4aAIGmSAt9slTE1Xgw5KWuof2uTOvCg9BY7ZRi+GaF+7sfgPeQ=="],

    "undici-types": ["undici-types@7.8.0", "", {}, "sha512-9UJ2xGDvQ43tYyVMpuHlsgApydB8ZKfVYTsLDhXkFL/6gfkp+U8xTGdh8pMJv1SpZna0zxG1DwsKZsreLbXBxw=="],

    "webidl-conversions": ["webidl-conversions@3.0.1", "", {}, "sha512-2JAn3z8AR6rjK8Sm8orRC0h/bcl/DqL7tRPdGZ4I1CjdF+EaMLmYxBHyXuKL849eucPFhvBoxMsflfOb8kxaeQ=="],

    "whatwg-url": ["whatwg-url@5.0.0", "", { "dependencies": { "tr46": "~0.0.3", "webidl-conversions": "^3.0.0" } }, "sha512-saE57nupxk6v3HY35+jzBwYa0rKSy0XR8JSxZPwgLr7ys0IBzhGviA1/TUGJLmSVqs8pb9AnvICXEuOHLprYTw=="],

    "which": ["which@2.0.2", "", { "dependencies": { "isexe": "^2.0.0" }, "bin": { "node-which": "./bin/node-which" } }, "sha512-BLI3Tl1TW3Pvl70l3yq3Y64i+awpwXqsGBYWkkqMtnbXgrMD+yj7rhW0kuEDxzJaYXGjEW5ogapKNMEKNMjibA=="],

    "xml": ["xml@1.0.1", "", {}, "sha512-huCv9IH9Tcf95zuYCsQraZtWnJvBtLVE0QHMOs8bWyZAFZNDcYjsPq1nEx8jKA9y+Beo9v+7OBPRisQTjinQMw=="],

    "youtube-dl-exec": ["youtube-dl-exec@3.0.30", "", { "dependencies": { "binary-version-check": "~6.1.0", "dargs": "~7.0.0", "debug-logfmt": "~1.4.0", "is-unix": "~2.0.10", "tinyspawn": "~1.5.0" } }, "sha512-ToZD3IYmbUMjIkJqGTF7dtBRkITDGMUUxqVty8VyXsHVdfr6q9v5eUm/9epi3It+mW38sQn1PbqO00fvSM3w/g=="],

    "npm-run-path/path-key": ["path-key@4.0.0", "", {}, "sha512-haREypq7xkM7ErfgIyA0z+Bj4AGKlMSdlQE2jvJo6huWD1EdkKYV+G/T4nq0YEF2vgTT8kqMFKo1uHn950r4SQ=="],
  }
}
